// !$*UTF8*$!
{
	archiveVersion = 1;
	classes = {
	};
	objectVersion = 46;
	objects = {

/* Begin PBXBuildFile section */
		0960817615D97E1C00493BAE /* UIKit.framework in Frameworks */ = {isa = PBXBuildFile; fileRef = 0960817515D97E1C00493BAE /* UIKit.framework */; };
		0960817815D97E1C00493BAE /* Foundation.framework in Frameworks */ = {isa = PBXBuildFile; fileRef = 0960817715D97E1C00493BAE /* Foundation.framework */; };
		0960817A15D97E1C00493BAE /* CoreGraphics.framework in Frameworks */ = {isa = PBXBuildFile; fileRef = 0960817915D97E1C00493BAE /* CoreGraphics.framework */; };
		0960818015D97E1C00493BAE /* InfoPlist.strings in Resources */ = {isa = PBXBuildFile; fileRef = 0960817E15D97E1C00493BAE /* InfoPlist.strings */; };
		0960818215D97E1C00493BAE /* main.m in Sources */ = {isa = PBXBuildFile; fileRef = 0960818115D97E1C00493BAE /* main.m */; };
		0960818615D97E1C00493BAE /* AppDelegate.m in Sources */ = {isa = PBXBuildFile; fileRef = 0960818515D97E1C00493BAE /* AppDelegate.m */; };
		0960818915D97E1C00493BAE /* ViewController.mm in Sources */ = {isa = PBXBuildFile; fileRef = 0960818815D97E1C00493BAE /* ViewController.mm */; };
		0960818C15D97E1C00493BAE /* ViewController_iPhone.xib in Resources */ = {isa = PBXBuildFile; fileRef = 0960818A15D97E1C00493BAE /* ViewController_iPhone.xib */; };
		0960818F15D97E1C00493BAE /* ViewController_iPad.xib in Resources */ = {isa = PBXBuildFile; fileRef = 0960818D15D97E1C00493BAE /* ViewController_iPad.xib */; };
		0960819815D97EB800493BAE /* mo_audio.mm in Sources */ = {isa = PBXBuildFile; fileRef = 0960819615D97EB800493BAE /* mo_audio.mm */; };
		0960819B15D97ECD00493BAE /* AudioToolbox.framework in Frameworks */ = {isa = PBXBuildFile; fileRef = 0960819915D97ECD00493BAE /* AudioToolbox.framework */; };
		0960819C15D97ECD00493BAE /* CoreAudio.framework in Frameworks */ = {isa = PBXBuildFile; fileRef = 0960819A15D97ECD00493BAE /* CoreAudio.framework */; };
		0960819F15D9809000493BAE /* Audio.cpp in Sources */ = {isa = PBXBuildFile; fileRef = 0960819E15D9809000493BAE /* Audio.cpp */; };
		09DE53A215DAB7D2007027CC /* SKINI.msg in Resources */ = {isa = PBXBuildFile; fileRef = 09DE538A15DAB7D2007027CC /* SKINI.msg */; };
		09DE53A315DAB7D2007027CC /* SKINI.tbl in Resources */ = {isa = PBXBuildFile; fileRef = 09DE538B15DAB7D2007027CC /* SKINI.tbl */; };
		09DE53A415DAB7D2007027CC /* libstk.a in Frameworks */ = {isa = PBXBuildFile; fileRef = 09DE53A115DAB7D2007027CC /* libstk.a */; };
		09DE53A715DAB9C3007027CC /* speaker.png in Resources */ = {isa = PBXBuildFile; fileRef = 09DE53A615DAB9C3007027CC /* speaker.png */; };
/* End PBXBuildFile section */

/* Begin PBXFileReference section */
		0960817115D97E1C00493BAE /* Complication.app */ = {isa = PBXFileReference; explicitFileType = wrapper.application; includeInIndex = 0; path = Complication.app; sourceTree = BUILT_PRODUCTS_DIR; };
		0960817515D97E1C00493BAE /* UIKit.framework */ = {isa = PBXFileReference; lastKnownFileType = wrapper.framework; name = UIKit.framework; path = System/Library/Frameworks/UIKit.framework; sourceTree = SDKROOT; };
		0960817715D97E1C00493BAE /* Foundation.framework */ = {isa = PBXFileReference; lastKnownFileType = wrapper.framework; name = Foundation.framework; path = System/Library/Frameworks/Foundation.framework; sourceTree = SDKROOT; };
		0960817915D97E1C00493BAE /* CoreGraphics.framework */ = {isa = PBXFileReference; lastKnownFileType = wrapper.framework; name = CoreGraphics.framework; path = System/Library/Frameworks/CoreGraphics.framework; sourceTree = SDKROOT; };
		0960817D15D97E1C00493BAE /* Complication-Info.plist */ = {isa = PBXFileReference; lastKnownFileType = text.plist.xml; path = "Complication-Info.plist"; sourceTree = "<group>"; };
		0960817F15D97E1C00493BAE /* en */ = {isa = PBXFileReference; lastKnownFileType = text.plist.strings; name = en; path = en.lproj/InfoPlist.strings; sourceTree = "<group>"; };
		0960818115D97E1C00493BAE /* main.m */ = {isa = PBXFileReference; lastKnownFileType = sourcecode.c.objc; path = main.m; sourceTree = "<group>"; };
		0960818315D97E1C00493BAE /* Complication-Prefix.pch */ = {isa = PBXFileReference; lastKnownFileType = sourcecode.c.h; path = "Complication-Prefix.pch"; sourceTree = "<group>"; };
		0960818415D97E1C00493BAE /* AppDelegate.h */ = {isa = PBXFileReference; lastKnownFileType = sourcecode.c.h; path = AppDelegate.h; sourceTree = "<group>"; };
		0960818515D97E1C00493BAE /* AppDelegate.m */ = {isa = PBXFileReference; lastKnownFileType = sourcecode.c.objc; path = AppDelegate.m; sourceTree = "<group>"; };
		0960818715D97E1C00493BAE /* ViewController.h */ = {isa = PBXFileReference; lastKnownFileType = sourcecode.c.h; path = ViewController.h; sourceTree = "<group>"; };
		0960818815D97E1C00493BAE /* ViewController.mm */ = {isa = PBXFileReference; lastKnownFileType = sourcecode.cpp.objcpp; path = ViewController.mm; sourceTree = "<group>"; };
		0960818B15D97E1C00493BAE /* en */ = {isa = PBXFileReference; lastKnownFileType = file.xib; name = en; path = en.lproj/ViewController_iPhone.xib; sourceTree = "<group>"; };
		0960818E15D97E1C00493BAE /* en */ = {isa = PBXFileReference; lastKnownFileType = file.xib; name = en; path = en.lproj/ViewController_iPad.xib; sourceTree = "<group>"; };
		0960819515D97EB800493BAE /* mo_audio.h */ = {isa = PBXFileReference; fileEncoding = 4; lastKnownFileType = sourcecode.c.h; name = mo_audio.h; path = ../mo_audio.h; sourceTree = "<group>"; };
		0960819615D97EB800493BAE /* mo_audio.mm */ = {isa = PBXFileReference; fileEncoding = 4; lastKnownFileType = sourcecode.cpp.objcpp; name = mo_audio.mm; path = ../mo_audio.mm; sourceTree = "<group>"; };
		0960819715D97EB800493BAE /* mo_def.h */ = {isa = PBXFileReference; fileEncoding = 4; lastKnownFileType = sourcecode.c.h; name = mo_def.h; path = ../mo_def.h; sourceTree = "<group>"; };
		0960819915D97ECD00493BAE /* AudioToolbox.framework */ = {isa = PBXFileReference; lastKnownFileType = wrapper.framework; name = AudioToolbox.framework; path = System/Library/Frameworks/AudioToolbox.framework; sourceTree = SDKROOT; };
		0960819A15D97ECD00493BAE /* CoreAudio.framework */ = {isa = PBXFileReference; lastKnownFileType = wrapper.framework; name = CoreAudio.framework; path = System/Library/Frameworks/CoreAudio.framework; sourceTree = SDKROOT; };
		0960819D15D97FBC00493BAE /* Audio.h */ = {isa = PBXFileReference; lastKnownFileType = sourcecode.c.h; path = Audio.h; sourceTree = "<group>"; };
		0960819E15D9809000493BAE /* Audio.cpp */ = {isa = PBXFileReference; fileEncoding = 4; lastKnownFileType = sourcecode.cpp.cpp; path = Audio.cpp; sourceTree = "<group>"; };
		09DE533A15DAB7D2007027CC /* ADSR.h */ = {isa = PBXFileReference; fileEncoding = 4; lastKnownFileType = sourcecode.c.h; path = ADSR.h; sourceTree = "<group>"; };
		09DE533B15DAB7D2007027CC /* Asymp.h */ = {isa = PBXFileReference; fileEncoding = 4; lastKnownFileType = sourcecode.c.h; path = Asymp.h; sourceTree = "<group>"; };
		09DE533C15DAB7D2007027CC /* BandedWG.h */ = {isa = PBXFileReference; fileEncoding = 4; lastKnownFileType = sourcecode.c.h; path = BandedWG.h; sourceTree = "<group>"; };
		09DE533D15DAB7D2007027CC /* BeeThree.h */ = {isa = PBXFileReference; fileEncoding = 4; lastKnownFileType = sourcecode.c.h; path = BeeThree.h; sourceTree = "<group>"; };
		09DE533E15DAB7D2007027CC /* BiQuad.h */ = {isa = PBXFileReference; fileEncoding = 4; lastKnownFileType = sourcecode.c.h; path = BiQuad.h; sourceTree = "<group>"; };
		09DE533F15DAB7D2007027CC /* Blit.h */ = {isa = PBXFileReference; fileEncoding = 4; lastKnownFileType = sourcecode.c.h; path = Blit.h; sourceTree = "<group>"; };
		09DE534015DAB7D2007027CC /* BlitSaw.h */ = {isa = PBXFileReference; fileEncoding = 4; lastKnownFileType = sourcecode.c.h; path = BlitSaw.h; sourceTree = "<group>"; };
		09DE534115DAB7D2007027CC /* BlitSquare.h */ = {isa = PBXFileReference; fileEncoding = 4; lastKnownFileType = sourcecode.c.h; path = BlitSquare.h; sourceTree = "<group>"; };
		09DE534215DAB7D2007027CC /* BlowBotl.h */ = {isa = PBXFileReference; fileEncoding = 4; lastKnownFileType = sourcecode.c.h; path = BlowBotl.h; sourceTree = "<group>"; };
		09DE534315DAB7D2007027CC /* BlowHole.h */ = {isa = PBXFileReference; fileEncoding = 4; lastKnownFileType = sourcecode.c.h; path = BlowHole.h; sourceTree = "<group>"; };
		09DE534415DAB7D2007027CC /* Bowed.h */ = {isa = PBXFileReference; fileEncoding = 4; lastKnownFileType = sourcecode.c.h; path = Bowed.h; sourceTree = "<group>"; };
		09DE534515DAB7D2007027CC /* BowTable.h */ = {isa = PBXFileReference; fileEncoding = 4; lastKnownFileType = sourcecode.c.h; path = BowTable.h; sourceTree = "<group>"; };
		09DE534615DAB7D2007027CC /* Brass.h */ = {isa = PBXFileReference; fileEncoding = 4; lastKnownFileType = sourcecode.c.h; path = Brass.h; sourceTree = "<group>"; };
		09DE534715DAB7D2007027CC /* Chorus.h */ = {isa = PBXFileReference; fileEncoding = 4; lastKnownFileType = sourcecode.c.h; path = Chorus.h; sourceTree = "<group>"; };
		09DE534815DAB7D2007027CC /* Clarinet.h */ = {isa = PBXFileReference; fileEncoding = 4; lastKnownFileType = sourcecode.c.h; path = Clarinet.h; sourceTree = "<group>"; };
		09DE534915DAB7D2007027CC /* Cubic.h */ = {isa = PBXFileReference; fileEncoding = 4; lastKnownFileType = sourcecode.c.h; path = Cubic.h; sourceTree = "<group>"; };
		09DE534A15DAB7D2007027CC /* Delay.h */ = {isa = PBXFileReference; fileEncoding = 4; lastKnownFileType = sourcecode.c.h; path = Delay.h; sourceTree = "<group>"; };
		09DE534B15DAB7D2007027CC /* DelayA.h */ = {isa = PBXFileReference; fileEncoding = 4; lastKnownFileType = sourcecode.c.h; path = DelayA.h; sourceTree = "<group>"; };
		09DE534C15DAB7D2007027CC /* DelayL.h */ = {isa = PBXFileReference; fileEncoding = 4; lastKnownFileType = sourcecode.c.h; path = DelayL.h; sourceTree = "<group>"; };
		09DE534D15DAB7D2007027CC /* Drummer.h */ = {isa = PBXFileReference; fileEncoding = 4; lastKnownFileType = sourcecode.c.h; path = Drummer.h; sourceTree = "<group>"; };
		09DE534E15DAB7D2007027CC /* Echo.h */ = {isa = PBXFileReference; fileEncoding = 4; lastKnownFileType = sourcecode.c.h; path = Echo.h; sourceTree = "<group>"; };
		09DE534F15DAB7D2007027CC /* Effect.h */ = {isa = PBXFileReference; fileEncoding = 4; lastKnownFileType = sourcecode.c.h; path = Effect.h; sourceTree = "<group>"; };
		09DE535015DAB7D2007027CC /* Envelope.h */ = {isa = PBXFileReference; fileEncoding = 4; lastKnownFileType = sourcecode.c.h; path = Envelope.h; sourceTree = "<group>"; };
		09DE535115DAB7D2007027CC /* FileLoop.h */ = {isa = PBXFileReference; fileEncoding = 4; lastKnownFileType = sourcecode.c.h; path = FileLoop.h; sourceTree = "<group>"; };
		09DE535215DAB7D2007027CC /* FileRead.h */ = {isa = PBXFileReference; fileEncoding = 4; lastKnownFileType = sourcecode.c.h; path = FileRead.h; sourceTree = "<group>"; };
		09DE535315DAB7D2007027CC /* FileWrite.h */ = {isa = PBXFileReference; fileEncoding = 4; lastKnownFileType = sourcecode.c.h; path = FileWrite.h; sourceTree = "<group>"; };
		09DE535415DAB7D2007027CC /* FileWvIn.h */ = {isa = PBXFileReference; fileEncoding = 4; lastKnownFileType = sourcecode.c.h; path = FileWvIn.h; sourceTree = "<group>"; };
		09DE535515DAB7D2007027CC /* FileWvOut.h */ = {isa = PBXFileReference; fileEncoding = 4; lastKnownFileType = sourcecode.c.h; path = FileWvOut.h; sourceTree = "<group>"; };
		09DE535615DAB7D2007027CC /* Filter.h */ = {isa = PBXFileReference; fileEncoding = 4; lastKnownFileType = sourcecode.c.h; path = Filter.h; sourceTree = "<group>"; };
		09DE535715DAB7D2007027CC /* Fir.h */ = {isa = PBXFileReference; fileEncoding = 4; lastKnownFileType = sourcecode.c.h; path = Fir.h; sourceTree = "<group>"; };
		09DE535815DAB7D2007027CC /* Flute.h */ = {isa = PBXFileReference; fileEncoding = 4; lastKnownFileType = sourcecode.c.h; path = Flute.h; sourceTree = "<group>"; };
		09DE535915DAB7D2007027CC /* FM.h */ = {isa = PBXFileReference; fileEncoding = 4; lastKnownFileType = sourcecode.c.h; path = FM.h; sourceTree = "<group>"; };
		09DE535A15DAB7D2007027CC /* FMVoices.h */ = {isa = PBXFileReference; fileEncoding = 4; lastKnownFileType = sourcecode.c.h; path = FMVoices.h; sourceTree = "<group>"; };
		09DE535B15DAB7D2007027CC /* FormSwep.h */ = {isa = PBXFileReference; fileEncoding = 4; lastKnownFileType = sourcecode.c.h; path = FormSwep.h; sourceTree = "<group>"; };
		09DE535C15DAB7D2007027CC /* Function.h */ = {isa = PBXFileReference; fileEncoding = 4; lastKnownFileType = sourcecode.c.h; path = Function.h; sourceTree = "<group>"; };
		09DE535D15DAB7D2007027CC /* Generator.h */ = {isa = PBXFileReference; fileEncoding = 4; lastKnownFileType = sourcecode.c.h; path = Generator.h; sourceTree = "<group>"; };
		09DE535E15DAB7D2007027CC /* Granulate.h */ = {isa = PBXFileReference; fileEncoding = 4; lastKnownFileType = sourcecode.c.h; path = Granulate.h; sourceTree = "<group>"; };
		09DE535F15DAB7D2007027CC /* HevyMetl.h */ = {isa = PBXFileReference; fileEncoding = 4; lastKnownFileType = sourcecode.c.h; path = HevyMetl.h; sourceTree = "<group>"; };
		09DE536015DAB7D2007027CC /* Iir.h */ = {isa = PBXFileReference; fileEncoding = 4; lastKnownFileType = sourcecode.c.h; path = Iir.h; sourceTree = "<group>"; };
		09DE536115DAB7D2007027CC /* InetWvIn.h */ = {isa = PBXFileReference; fileEncoding = 4; lastKnownFileType = sourcecode.c.h; path = InetWvIn.h; sourceTree = "<group>"; };
		09DE536215DAB7D2007027CC /* InetWvOut.h */ = {isa = PBXFileReference; fileEncoding = 4; lastKnownFileType = sourcecode.c.h; path = InetWvOut.h; sourceTree = "<group>"; };
		09DE536315DAB7D2007027CC /* Instrmnt.h */ = {isa = PBXFileReference; fileEncoding = 4; lastKnownFileType = sourcecode.c.h; path = Instrmnt.h; sourceTree = "<group>"; };
		09DE536415DAB7D2007027CC /* JCRev.h */ = {isa = PBXFileReference; fileEncoding = 4; lastKnownFileType = sourcecode.c.h; path = JCRev.h; sourceTree = "<group>"; };
		09DE536515DAB7D2007027CC /* JetTable.h */ = {isa = PBXFileReference; fileEncoding = 4; lastKnownFileType = sourcecode.c.h; path = JetTable.h; sourceTree = "<group>"; };
		09DE536615DAB7D2007027CC /* LentPitShift.h */ = {isa = PBXFileReference; fileEncoding = 4; lastKnownFileType = sourcecode.c.h; path = LentPitShift.h; sourceTree = "<group>"; };
		09DE536715DAB7D2007027CC /* Mandolin.h */ = {isa = PBXFileReference; fileEncoding = 4; lastKnownFileType = sourcecode.c.h; path = Mandolin.h; sourceTree = "<group>"; };
		09DE536815DAB7D2007027CC /* Mesh2D.h */ = {isa = PBXFileReference; fileEncoding = 4; lastKnownFileType = sourcecode.c.h; path = Mesh2D.h; sourceTree = "<group>"; };
		09DE536915DAB7D2007027CC /* Messager.h */ = {isa = PBXFileReference; fileEncoding = 4; lastKnownFileType = sourcecode.c.h; path = Messager.h; sourceTree = "<group>"; };
		09DE536A15DAB7D2007027CC /* MidiFileIn.h */ = {isa = PBXFileReference; fileEncoding = 4; lastKnownFileType = sourcecode.c.h; path = MidiFileIn.h; sourceTree = "<group>"; };
		09DE536B15DAB7D2007027CC /* Modal.h */ = {isa = PBXFileReference; fileEncoding = 4; lastKnownFileType = sourcecode.c.h; path = Modal.h; sourceTree = "<group>"; };
		09DE536C15DAB7D2007027CC /* ModalBar.h */ = {isa = PBXFileReference; fileEncoding = 4; lastKnownFileType = sourcecode.c.h; path = ModalBar.h; sourceTree = "<group>"; };
		09DE536D15DAB7D2007027CC /* Modulate.h */ = {isa = PBXFileReference; fileEncoding = 4; lastKnownFileType = sourcecode.c.h; path = Modulate.h; sourceTree = "<group>"; };
		09DE536E15DAB7D2007027CC /* Moog.h */ = {isa = PBXFileReference; fileEncoding = 4; lastKnownFileType = sourcecode.c.h; path = Moog.h; sourceTree = "<group>"; };
		09DE536F15DAB7D2007027CC /* Mutex.h */ = {isa = PBXFileReference; fileEncoding = 4; lastKnownFileType = sourcecode.c.h; path = Mutex.h; sourceTree = "<group>"; };
		09DE537015DAB7D2007027CC /* Noise.h */ = {isa = PBXFileReference; fileEncoding = 4; lastKnownFileType = sourcecode.c.h; path = Noise.h; sourceTree = "<group>"; };
		09DE537115DAB7D2007027CC /* NRev.h */ = {isa = PBXFileReference; fileEncoding = 4; lastKnownFileType = sourcecode.c.h; path = NRev.h; sourceTree = "<group>"; };
		09DE537215DAB7D2007027CC /* OnePole.h */ = {isa = PBXFileReference; fileEncoding = 4; lastKnownFileType = sourcecode.c.h; path = OnePole.h; sourceTree = "<group>"; };
		09DE537315DAB7D2007027CC /* OneZero.h */ = {isa = PBXFileReference; fileEncoding = 4; lastKnownFileType = sourcecode.c.h; path = OneZero.h; sourceTree = "<group>"; };
		09DE537415DAB7D2007027CC /* PercFlut.h */ = {isa = PBXFileReference; fileEncoding = 4; lastKnownFileType = sourcecode.c.h; path = PercFlut.h; sourceTree = "<group>"; };
		09DE537515DAB7D2007027CC /* Phonemes.h */ = {isa = PBXFileReference; fileEncoding = 4; lastKnownFileType = sourcecode.c.h; path = Phonemes.h; sourceTree = "<group>"; };
		09DE537615DAB7D2007027CC /* PitShift.h */ = {isa = PBXFileReference; fileEncoding = 4; lastKnownFileType = sourcecode.c.h; path = PitShift.h; sourceTree = "<group>"; };
		09DE537715DAB7D2007027CC /* Plucked.h */ = {isa = PBXFileReference; fileEncoding = 4; lastKnownFileType = sourcecode.c.h; path = Plucked.h; sourceTree = "<group>"; };
		09DE537815DAB7D2007027CC /* PoleZero.h */ = {isa = PBXFileReference; fileEncoding = 4; lastKnownFileType = sourcecode.c.h; path = PoleZero.h; sourceTree = "<group>"; };
		09DE537915DAB7D2007027CC /* PRCRev.h */ = {isa = PBXFileReference; fileEncoding = 4; lastKnownFileType = sourcecode.c.h; path = PRCRev.h; sourceTree = "<group>"; };
		09DE537A15DAB7D2007027CC /* ReedTable.h */ = {isa = PBXFileReference; fileEncoding = 4; lastKnownFileType = sourcecode.c.h; path = ReedTable.h; sourceTree = "<group>"; };
		09DE537B15DAB7D2007027CC /* Resonate.h */ = {isa = PBXFileReference; fileEncoding = 4; lastKnownFileType = sourcecode.c.h; path = Resonate.h; sourceTree = "<group>"; };
		09DE537C15DAB7D2007027CC /* Rhodey.h */ = {isa = PBXFileReference; fileEncoding = 4; lastKnownFileType = sourcecode.c.h; path = Rhodey.h; sourceTree = "<group>"; };
		09DE537D15DAB7D2007027CC /* RtAudio.h */ = {isa = PBXFileReference; fileEncoding = 4; lastKnownFileType = sourcecode.c.h; path = RtAudio.h; sourceTree = "<group>"; };
		09DE537E15DAB7D2007027CC /* RtError.h */ = {isa = PBXFileReference; fileEncoding = 4; lastKnownFileType = sourcecode.c.h; path = RtError.h; sourceTree = "<group>"; };
		09DE537F15DAB7D2007027CC /* RtMidi.h */ = {isa = PBXFileReference; fileEncoding = 4; lastKnownFileType = sourcecode.c.h; path = RtMidi.h; sourceTree = "<group>"; };
		09DE538015DAB7D2007027CC /* RtWvIn.h */ = {isa = PBXFileReference; fileEncoding = 4; lastKnownFileType = sourcecode.c.h; path = RtWvIn.h; sourceTree = "<group>"; };
		09DE538115DAB7D2007027CC /* RtWvOut.h */ = {isa = PBXFileReference; fileEncoding = 4; lastKnownFileType = sourcecode.c.h; path = RtWvOut.h; sourceTree = "<group>"; };
		09DE538215DAB7D2007027CC /* Sampler.h */ = {isa = PBXFileReference; fileEncoding = 4; lastKnownFileType = sourcecode.c.h; path = Sampler.h; sourceTree = "<group>"; };
		09DE538315DAB7D2007027CC /* Saxofony.h */ = {isa = PBXFileReference; fileEncoding = 4; lastKnownFileType = sourcecode.c.h; path = Saxofony.h; sourceTree = "<group>"; };
		09DE538415DAB7D2007027CC /* Shakers.h */ = {isa = PBXFileReference; fileEncoding = 4; lastKnownFileType = sourcecode.c.h; path = Shakers.h; sourceTree = "<group>"; };
		09DE538515DAB7D2007027CC /* Simple.h */ = {isa = PBXFileReference; fileEncoding = 4; lastKnownFileType = sourcecode.c.h; path = Simple.h; sourceTree = "<group>"; };
		09DE538615DAB7D2007027CC /* SineWave.h */ = {isa = PBXFileReference; fileEncoding = 4; lastKnownFileType = sourcecode.c.h; path = SineWave.h; sourceTree = "<group>"; };
		09DE538715DAB7D2007027CC /* SingWave.h */ = {isa = PBXFileReference; fileEncoding = 4; lastKnownFileType = sourcecode.c.h; path = SingWave.h; sourceTree = "<group>"; };
		09DE538815DAB7D2007027CC /* Sitar.h */ = {isa = PBXFileReference; fileEncoding = 4; lastKnownFileType = sourcecode.c.h; path = Sitar.h; sourceTree = "<group>"; };
		09DE538915DAB7D2007027CC /* Skini.h */ = {isa = PBXFileReference; fileEncoding = 4; lastKnownFileType = sourcecode.c.h; path = Skini.h; sourceTree = "<group>"; };
		09DE538A15DAB7D2007027CC /* SKINI.msg */ = {isa = PBXFileReference; fileEncoding = 4; lastKnownFileType = text; path = SKINI.msg; sourceTree = "<group>"; };
		09DE538B15DAB7D2007027CC /* SKINI.tbl */ = {isa = PBXFileReference; fileEncoding = 4; lastKnownFileType = text; path = SKINI.tbl; sourceTree = "<group>"; };
		09DE538C15DAB7D2007027CC /* Socket.h */ = {isa = PBXFileReference; fileEncoding = 4; lastKnownFileType = sourcecode.c.h; path = Socket.h; sourceTree = "<group>"; };
		09DE538D15DAB7D2007027CC /* Sphere.h */ = {isa = PBXFileReference; fileEncoding = 4; lastKnownFileType = sourcecode.c.h; path = Sphere.h; sourceTree = "<group>"; };
		09DE538E15DAB7D2007027CC /* StifKarp.h */ = {isa = PBXFileReference; fileEncoding = 4; lastKnownFileType = sourcecode.c.h; path = StifKarp.h; sourceTree = "<group>"; };
		09DE538F15DAB7D2007027CC /* Stk.h */ = {isa = PBXFileReference; fileEncoding = 4; lastKnownFileType = sourcecode.c.h; path = Stk.h; sourceTree = "<group>"; };
		09DE539015DAB7D2007027CC /* TapDelay.h */ = {isa = PBXFileReference; fileEncoding = 4; lastKnownFileType = sourcecode.c.h; path = TapDelay.h; sourceTree = "<group>"; };
		09DE539115DAB7D2007027CC /* TcpClient.h */ = {isa = PBXFileReference; fileEncoding = 4; lastKnownFileType = sourcecode.c.h; path = TcpClient.h; sourceTree = "<group>"; };
		09DE539215DAB7D2007027CC /* TcpServer.h */ = {isa = PBXFileReference; fileEncoding = 4; lastKnownFileType = sourcecode.c.h; path = TcpServer.h; sourceTree = "<group>"; };
		09DE539315DAB7D2007027CC /* Thread.h */ = {isa = PBXFileReference; fileEncoding = 4; lastKnownFileType = sourcecode.c.h; path = Thread.h; sourceTree = "<group>"; };
		09DE539415DAB7D2007027CC /* TubeBell.h */ = {isa = PBXFileReference; fileEncoding = 4; lastKnownFileType = sourcecode.c.h; path = TubeBell.h; sourceTree = "<group>"; };
		09DE539515DAB7D2007027CC /* Twang.h */ = {isa = PBXFileReference; fileEncoding = 4; lastKnownFileType = sourcecode.c.h; path = Twang.h; sourceTree = "<group>"; };
		09DE539615DAB7D2007027CC /* TwoPole.h */ = {isa = PBXFileReference; fileEncoding = 4; lastKnownFileType = sourcecode.c.h; path = TwoPole.h; sourceTree = "<group>"; };
		09DE539715DAB7D2007027CC /* TwoZero.h */ = {isa = PBXFileReference; fileEncoding = 4; lastKnownFileType = sourcecode.c.h; path = TwoZero.h; sourceTree = "<group>"; };
		09DE539815DAB7D2007027CC /* UdpSocket.h */ = {isa = PBXFileReference; fileEncoding = 4; lastKnownFileType = sourcecode.c.h; path = UdpSocket.h; sourceTree = "<group>"; };
		09DE539915DAB7D2007027CC /* Vector3D.h */ = {isa = PBXFileReference; fileEncoding = 4; lastKnownFileType = sourcecode.c.h; path = Vector3D.h; sourceTree = "<group>"; };
		09DE539A15DAB7D2007027CC /* Voicer.h */ = {isa = PBXFileReference; fileEncoding = 4; lastKnownFileType = sourcecode.c.h; path = Voicer.h; sourceTree = "<group>"; };
		09DE539B15DAB7D2007027CC /* VoicForm.h */ = {isa = PBXFileReference; fileEncoding = 4; lastKnownFileType = sourcecode.c.h; path = VoicForm.h; sourceTree = "<group>"; };
		09DE539C15DAB7D2007027CC /* Whistle.h */ = {isa = PBXFileReference; fileEncoding = 4; lastKnownFileType = sourcecode.c.h; path = Whistle.h; sourceTree = "<group>"; };
		09DE539D15DAB7D2007027CC /* Wurley.h */ = {isa = PBXFileReference; fileEncoding = 4; lastKnownFileType = sourcecode.c.h; path = Wurley.h; sourceTree = "<group>"; };
		09DE539E15DAB7D2007027CC /* WvIn.h */ = {isa = PBXFileReference; fileEncoding = 4; lastKnownFileType = sourcecode.c.h; path = WvIn.h; sourceTree = "<group>"; };
		09DE539F15DAB7D2007027CC /* WvOut.h */ = {isa = PBXFileReference; fileEncoding = 4; lastKnownFileType = sourcecode.c.h; path = WvOut.h; sourceTree = "<group>"; };
		09DE53A115DAB7D2007027CC /* libstk.a */ = {isa = PBXFileReference; lastKnownFileType = archive.ar; path = libstk.a; sourceTree = "<group>"; };
		09DE53A615DAB9C3007027CC /* speaker.png */ = {isa = PBXFileReference; lastKnownFileType = image.png; path = speaker.png; sourceTree = "<group>"; };
		09DE53A815DABFB8007027CC /* SPFilter.h */ = {isa = PBXFileReference; fileEncoding = 4; lastKnownFileType = sourcecode.c.h; path = SPFilter.h; sourceTree = "<group>"; };
/* End PBXFileReference section */

/* Begin PBXFrameworksBuildPhase section */
		0960816E15D97E1C00493BAE /* Frameworks */ = {
			isa = PBXFrameworksBuildPhase;
			buildActionMask = 2147483647;
			files = (
				0960819B15D97ECD00493BAE /* AudioToolbox.framework in Frameworks */,
				0960819C15D97ECD00493BAE /* CoreAudio.framework in Frameworks */,
				0960817615D97E1C00493BAE /* UIKit.framework in Frameworks */,
				0960817815D97E1C00493BAE /* Foundation.framework in Frameworks */,
				0960817A15D97E1C00493BAE /* CoreGraphics.framework in Frameworks */,
				09DE53A415DAB7D2007027CC /* libstk.a in Frameworks */,
			);
			runOnlyForDeploymentPostprocessing = 0;
		};
/* End PBXFrameworksBuildPhase section */

/* Begin PBXGroup section */
		0960816615D97E1C00493BAE = {
			isa = PBXGroup;
			children = (
				0960819915D97ECD00493BAE /* AudioToolbox.framework */,
				0960819A15D97ECD00493BAE /* CoreAudio.framework */,
				0960817B15D97E1C00493BAE /* Complication */,
				0960817415D97E1C00493BAE /* Frameworks */,
				0960817215D97E1C00493BAE /* Products */,
			);
			sourceTree = "<group>";
		};
		0960817215D97E1C00493BAE /* Products */ = {
			isa = PBXGroup;
			children = (
				0960817115D97E1C00493BAE /* Complication.app */,
			);
			name = Products;
			sourceTree = "<group>";
		};
		0960817415D97E1C00493BAE /* Frameworks */ = {
			isa = PBXGroup;
			children = (
				0960817515D97E1C00493BAE /* UIKit.framework */,
				0960817715D97E1C00493BAE /* Foundation.framework */,
				0960817915D97E1C00493BAE /* CoreGraphics.framework */,
			);
			name = Frameworks;
			sourceTree = "<group>";
		};
		0960817B15D97E1C00493BAE /* Complication */ = {
			isa = PBXGroup;
			children = (
				09DE53A815DABFB8007027CC /* SPFilter.h */,
				09DE533815DAB7D2007027CC /* stk */,
				0960819515D97EB800493BAE /* mo_audio.h */,
				0960819615D97EB800493BAE /* mo_audio.mm */,
				0960819715D97EB800493BAE /* mo_def.h */,
				0960818415D97E1C00493BAE /* AppDelegate.h */,
				0960818515D97E1C00493BAE /* AppDelegate.m */,
				0960818715D97E1C00493BAE /* ViewController.h */,
				0960818815D97E1C00493BAE /* ViewController.mm */,
				0960818A15D97E1C00493BAE /* ViewController_iPhone.xib */,
				0960818D15D97E1C00493BAE /* ViewController_iPad.xib */,
				0960817C15D97E1C00493BAE /* Supporting Files */,
				0960819D15D97FBC00493BAE /* Audio.h */,
				0960819E15D9809000493BAE /* Audio.cpp */,
				09DE53A615DAB9C3007027CC /* speaker.png */,
			);
			path = Complication;
			sourceTree = "<group>";
		};
		0960817C15D97E1C00493BAE /* Supporting Files */ = {
			isa = PBXGroup;
			children = (
				0960817D15D97E1C00493BAE /* Complication-Info.plist */,
				0960817E15D97E1C00493BAE /* InfoPlist.strings */,
				0960818115D97E1C00493BAE /* main.m */,
				0960818315D97E1C00493BAE /* Complication-Prefix.pch */,
			);
			name = "Supporting Files";
			sourceTree = "<group>";
		};
		09DE533815DAB7D2007027CC /* stk */ = {
			isa = PBXGroup;
			children = (
				09DE533915DAB7D2007027CC /* include */,
				09DE53A015DAB7D2007027CC /* lib */,
			);
			path = stk;
			sourceTree = "<group>";
		};
		09DE533915DAB7D2007027CC /* include */ = {
			isa = PBXGroup;
			children = (
				09DE533A15DAB7D2007027CC /* ADSR.h */,
				09DE533B15DAB7D2007027CC /* Asymp.h */,
				09DE533C15DAB7D2007027CC /* BandedWG.h */,
				09DE533D15DAB7D2007027CC /* BeeThree.h */,
				09DE533E15DAB7D2007027CC /* BiQuad.h */,
				09DE533F15DAB7D2007027CC /* Blit.h */,
				09DE534015DAB7D2007027CC /* BlitSaw.h */,
				09DE534115DAB7D2007027CC /* BlitSquare.h */,
				09DE534215DAB7D2007027CC /* BlowBotl.h */,
				09DE534315DAB7D2007027CC /* BlowHole.h */,
				09DE534415DAB7D2007027CC /* Bowed.h */,
				09DE534515DAB7D2007027CC /* BowTable.h */,
				09DE534615DAB7D2007027CC /* Brass.h */,
				09DE534715DAB7D2007027CC /* Chorus.h */,
				09DE534815DAB7D2007027CC /* Clarinet.h */,
				09DE534915DAB7D2007027CC /* Cubic.h */,
				09DE534A15DAB7D2007027CC /* Delay.h */,
				09DE534B15DAB7D2007027CC /* DelayA.h */,
				09DE534C15DAB7D2007027CC /* DelayL.h */,
				09DE534D15DAB7D2007027CC /* Drummer.h */,
				09DE534E15DAB7D2007027CC /* Echo.h */,
				09DE534F15DAB7D2007027CC /* Effect.h */,
				09DE535015DAB7D2007027CC /* Envelope.h */,
				09DE535115DAB7D2007027CC /* FileLoop.h */,
				09DE535215DAB7D2007027CC /* FileRead.h */,
				09DE535315DAB7D2007027CC /* FileWrite.h */,
				09DE535415DAB7D2007027CC /* FileWvIn.h */,
				09DE535515DAB7D2007027CC /* FileWvOut.h */,
				09DE535615DAB7D2007027CC /* Filter.h */,
				09DE535715DAB7D2007027CC /* Fir.h */,
				09DE535815DAB7D2007027CC /* Flute.h */,
				09DE535915DAB7D2007027CC /* FM.h */,
				09DE535A15DAB7D2007027CC /* FMVoices.h */,
				09DE535B15DAB7D2007027CC /* FormSwep.h */,
				09DE535C15DAB7D2007027CC /* Function.h */,
				09DE535D15DAB7D2007027CC /* Generator.h */,
				09DE535E15DAB7D2007027CC /* Granulate.h */,
				09DE535F15DAB7D2007027CC /* HevyMetl.h */,
				09DE536015DAB7D2007027CC /* Iir.h */,
				09DE536115DAB7D2007027CC /* InetWvIn.h */,
				09DE536215DAB7D2007027CC /* InetWvOut.h */,
				09DE536315DAB7D2007027CC /* Instrmnt.h */,
				09DE536415DAB7D2007027CC /* JCRev.h */,
				09DE536515DAB7D2007027CC /* JetTable.h */,
				09DE536615DAB7D2007027CC /* LentPitShift.h */,
				09DE536715DAB7D2007027CC /* Mandolin.h */,
				09DE536815DAB7D2007027CC /* Mesh2D.h */,
				09DE536915DAB7D2007027CC /* Messager.h */,
				09DE536A15DAB7D2007027CC /* MidiFileIn.h */,
				09DE536B15DAB7D2007027CC /* Modal.h */,
				09DE536C15DAB7D2007027CC /* ModalBar.h */,
				09DE536D15DAB7D2007027CC /* Modulate.h */,
				09DE536E15DAB7D2007027CC /* Moog.h */,
				09DE536F15DAB7D2007027CC /* Mutex.h */,
				09DE537015DAB7D2007027CC /* Noise.h */,
				09DE537115DAB7D2007027CC /* NRev.h */,
				09DE537215DAB7D2007027CC /* OnePole.h */,
				09DE537315DAB7D2007027CC /* OneZero.h */,
				09DE537415DAB7D2007027CC /* PercFlut.h */,
				09DE537515DAB7D2007027CC /* Phonemes.h */,
				09DE537615DAB7D2007027CC /* PitShift.h */,
				09DE537715DAB7D2007027CC /* Plucked.h */,
				09DE537815DAB7D2007027CC /* PoleZero.h */,
				09DE537915DAB7D2007027CC /* PRCRev.h */,
				09DE537A15DAB7D2007027CC /* ReedTable.h */,
				09DE537B15DAB7D2007027CC /* Resonate.h */,
				09DE537C15DAB7D2007027CC /* Rhodey.h */,
				09DE537D15DAB7D2007027CC /* RtAudio.h */,
				09DE537E15DAB7D2007027CC /* RtError.h */,
				09DE537F15DAB7D2007027CC /* RtMidi.h */,
				09DE538015DAB7D2007027CC /* RtWvIn.h */,
				09DE538115DAB7D2007027CC /* RtWvOut.h */,
				09DE538215DAB7D2007027CC /* Sampler.h */,
				09DE538315DAB7D2007027CC /* Saxofony.h */,
				09DE538415DAB7D2007027CC /* Shakers.h */,
				09DE538515DAB7D2007027CC /* Simple.h */,
				09DE538615DAB7D2007027CC /* SineWave.h */,
				09DE538715DAB7D2007027CC /* SingWave.h */,
				09DE538815DAB7D2007027CC /* Sitar.h */,
				09DE538915DAB7D2007027CC /* Skini.h */,
				09DE538A15DAB7D2007027CC /* SKINI.msg */,
				09DE538B15DAB7D2007027CC /* SKINI.tbl */,
				09DE538C15DAB7D2007027CC /* Socket.h */,
				09DE538D15DAB7D2007027CC /* Sphere.h */,
				09DE538E15DAB7D2007027CC /* StifKarp.h */,
				09DE538F15DAB7D2007027CC /* Stk.h */,
				09DE539015DAB7D2007027CC /* TapDelay.h */,
				09DE539115DAB7D2007027CC /* TcpClient.h */,
				09DE539215DAB7D2007027CC /* TcpServer.h */,
				09DE539315DAB7D2007027CC /* Thread.h */,
				09DE539415DAB7D2007027CC /* TubeBell.h */,
				09DE539515DAB7D2007027CC /* Twang.h */,
				09DE539615DAB7D2007027CC /* TwoPole.h */,
				09DE539715DAB7D2007027CC /* TwoZero.h */,
				09DE539815DAB7D2007027CC /* UdpSocket.h */,
				09DE539915DAB7D2007027CC /* Vector3D.h */,
				09DE539A15DAB7D2007027CC /* Voicer.h */,
				09DE539B15DAB7D2007027CC /* VoicForm.h */,
				09DE539C15DAB7D2007027CC /* Whistle.h */,
				09DE539D15DAB7D2007027CC /* Wurley.h */,
				09DE539E15DAB7D2007027CC /* WvIn.h */,
				09DE539F15DAB7D2007027CC /* WvOut.h */,
			);
			path = include;
			sourceTree = "<group>";
		};
		09DE53A015DAB7D2007027CC /* lib */ = {
			isa = PBXGroup;
			children = (
				09DE53A115DAB7D2007027CC /* libstk.a */,
			);
			path = lib;
			sourceTree = "<group>";
		};
/* End PBXGroup section */

/* Begin PBXNativeTarget section */
		0960817015D97E1C00493BAE /* Complication */ = {
			isa = PBXNativeTarget;
			buildConfigurationList = 0960819215D97E1C00493BAE /* Build configuration list for PBXNativeTarget "Complication" */;
			buildPhases = (
				0960816D15D97E1C00493BAE /* Sources */,
				0960816E15D97E1C00493BAE /* Frameworks */,
				0960816F15D97E1C00493BAE /* Resources */,
			);
			buildRules = (
			);
			dependencies = (
			);
			name = Complication;
			productName = Complication;
			productReference = 0960817115D97E1C00493BAE /* Complication.app */;
			productType = "com.apple.product-type.application";
		};
/* End PBXNativeTarget section */

/* Begin PBXProject section */
		0960816815D97E1C00493BAE /* Project object */ = {
			isa = PBXProject;
			attributes = {
				LastUpgradeCheck = 0440;
				ORGANIZATIONNAME = "Spencer Salazar";
			};
			buildConfigurationList = 0960816B15D97E1C00493BAE /* Build configuration list for PBXProject "Complication" */;
			compatibilityVersion = "Xcode 3.2";
			developmentRegion = English;
			hasScannedForEncodings = 0;
			knownRegions = (
				en,
			);
			mainGroup = 0960816615D97E1C00493BAE;
			productRefGroup = 0960817215D97E1C00493BAE /* Products */;
			projectDirPath = "";
			projectRoot = "";
			targets = (
				0960817015D97E1C00493BAE /* Complication */,
			);
		};
/* End PBXProject section */

/* Begin PBXResourcesBuildPhase section */
		0960816F15D97E1C00493BAE /* Resources */ = {
			isa = PBXResourcesBuildPhase;
			buildActionMask = 2147483647;
			files = (
				0960818015D97E1C00493BAE /* InfoPlist.strings in Resources */,
				0960818C15D97E1C00493BAE /* ViewController_iPhone.xib in Resources */,
				0960818F15D97E1C00493BAE /* ViewController_iPad.xib in Resources */,
				09DE53A215DAB7D2007027CC /* SKINI.msg in Resources */,
				09DE53A315DAB7D2007027CC /* SKINI.tbl in Resources */,
				09DE53A715DAB9C3007027CC /* speaker.png in Resources */,
			);
			runOnlyForDeploymentPostprocessing = 0;
		};
/* End PBXResourcesBuildPhase section */

/* Begin PBXSourcesBuildPhase section */
		0960816D15D97E1C00493BAE /* Sources */ = {
			isa = PBXSourcesBuildPhase;
			buildActionMask = 2147483647;
			files = (
				0960818215D97E1C00493BAE /* main.m in Sources */,
				0960818615D97E1C00493BAE /* AppDelegate.m in Sources */,
				0960818915D97E1C00493BAE /* ViewController.mm in Sources */,
				0960819815D97EB800493BAE /* mo_audio.mm in Sources */,
				0960819F15D9809000493BAE /* Audio.cpp in Sources */,
			);
			runOnlyForDeploymentPostprocessing = 0;
		};
/* End PBXSourcesBuildPhase section */

/* Begin PBXVariantGroup section */
		0960817E15D97E1C00493BAE /* InfoPlist.strings */ = {
			isa = PBXVariantGroup;
			children = (
				0960817F15D97E1C00493BAE /* en */,
			);
			name = InfoPlist.strings;
			sourceTree = "<group>";
		};
		0960818A15D97E1C00493BAE /* ViewController_iPhone.xib */ = {
			isa = PBXVariantGroup;
			children = (
				0960818B15D97E1C00493BAE /* en */,
			);
			name = ViewController_iPhone.xib;
			sourceTree = "<group>";
		};
		0960818D15D97E1C00493BAE /* ViewController_iPad.xib */ = {
			isa = PBXVariantGroup;
			children = (
				0960818E15D97E1C00493BAE /* en */,
			);
			name = ViewController_iPad.xib;
			sourceTree = "<group>";
		};
/* End PBXVariantGroup section */

/* Begin XCBuildConfiguration section */
		0960819015D97E1C00493BAE /* Debug */ = {
			isa = XCBuildConfiguration;
			buildSettings = {
				ALWAYS_SEARCH_USER_PATHS = NO;
				ARCHS = "$(ARCHS_STANDARD_32_BIT)";
				CLANG_CXX_LANGUAGE_STANDARD = "gnu++0x";
				CLANG_WARN__DUPLICATE_METHOD_MATCH = YES;
				"CODE_SIGN_IDENTITY[sdk=iphoneos*]" = "iPhone Developer";
				COPY_PHASE_STRIP = NO;
				GCC_C_LANGUAGE_STANDARD = gnu99;
				GCC_DYNAMIC_NO_PIC = NO;
				GCC_OPTIMIZATION_LEVEL = 0;
				GCC_PREPROCESSOR_DEFINITIONS = (
					"DEBUG=1",
					"$(inherited)",
				);
				GCC_SYMBOLS_PRIVATE_EXTERN = NO;
				GCC_VERSION = com.apple.compilers.llvm.clang.1_0;
				GCC_WARN_ABOUT_RETURN_TYPE = YES;
				GCC_WARN_UNINITIALIZED_AUTOS = YES;
				GCC_WARN_UNUSED_VARIABLE = YES;
				IPHONEOS_DEPLOYMENT_TARGET = 5.1;
				SDKROOT = iphoneos;
				TARGETED_DEVICE_FAMILY = "1,2";
			};
			name = Debug;
		};
		0960819115D97E1C00493BAE /* Release */ = {
			isa = XCBuildConfiguration;
			buildSettings = {
				ALWAYS_SEARCH_USER_PATHS = NO;
				ARCHS = "$(ARCHS_STANDARD_32_BIT)";
				CLANG_CXX_LANGUAGE_STANDARD = "gnu++0x";
				CLANG_WARN__DUPLICATE_METHOD_MATCH = YES;
				"CODE_SIGN_IDENTITY[sdk=iphoneos*]" = "iPhone Developer";
				COPY_PHASE_STRIP = YES;
				GCC_C_LANGUAGE_STANDARD = gnu99;
				GCC_VERSION = com.apple.compilers.llvm.clang.1_0;
				GCC_WARN_ABOUT_RETURN_TYPE = YES;
				GCC_WARN_UNINITIALIZED_AUTOS = YES;
				GCC_WARN_UNUSED_VARIABLE = YES;
				IPHONEOS_DEPLOYMENT_TARGET = 5.1;
				OTHER_CFLAGS = "-DNS_BLOCK_ASSERTIONS=1";
				SDKROOT = iphoneos;
				TARGETED_DEVICE_FAMILY = "1,2";
				VALIDATE_PRODUCT = YES;
			};
			name = Release;
		};
		0960819315D97E1C00493BAE /* Debug */ = {
			isa = XCBuildConfiguration;
			buildSettings = {
				GCC_PRECOMPILE_PREFIX_HEADER = YES;
				GCC_PREFIX_HEADER = "Complication/Complication-Prefix.pch";
				INFOPLIST_FILE = "Complication/Complication-Info.plist";
				LIBRARY_SEARCH_PATHS = (
					"$(inherited)",
					"\"$(SRCROOT)/Complication/stk/lib\"",
				);
				PRODUCT_NAME = "$(TARGET_NAME)";
				WRAPPER_EXTENSION = app;
			};
			name = Debug;
		};
		0960819415D97E1C00493BAE /* Release */ = {
			isa = XCBuildConfiguration;
			buildSettings = {
				GCC_PRECOMPILE_PREFIX_HEADER = YES;
				GCC_PREFIX_HEADER = "Complication/Complication-Prefix.pch";
				INFOPLIST_FILE = "Complication/Complication-Info.plist";
				LIBRARY_SEARCH_PATHS = (
					"$(inherited)",
					"\"$(SRCROOT)/Complication/stk/lib\"",
				);
				PRODUCT_NAME = "$(TARGET_NAME)";
				WRAPPER_EXTENSION = app;
			};
			name = Release;
		};
/* End XCBuildConfiguration section */

/* Begin XCConfigurationList section */
		0960816B15D97E1C00493BAE /* Build configuration list for PBXProject "Complication" */ = {
			isa = XCConfigurationList;
			buildConfigurations = (
				0960819015D97E1C00493BAE /* Debug */,
				0960819115D97E1C00493BAE /* Release */,
			);
			defaultConfigurationIsVisible = 0;
			defaultConfigurationName = Release;
		};
		0960819215D97E1C00493BAE /* Build configuration list for PBXNativeTarget "Complication" */ = {
			isa = XCConfigurationList;
			buildConfigurations = (
				0960819315D97E1C00493BAE /* Debug */,
				0960819415D97E1C00493BAE /* Release */,
			);
			defaultConfigurationIsVisible = 0;
			defaultConfigurationName = Release;
		};
/* End XCConfigurationList section */
	};
	rootObject = 0960816815D97E1C00493BAE /* Project object */;
}
