// !$*UTF8*$!
{
	archiveVersion = 1;
	classes = {
	};
	objectVersion = 46;
	objects = {

/* Begin PBXBuildFile section */
		4D20E06115DEA52F00E475CC /* UIKit.framework in Frameworks */ = {isa = PBXBuildFile; fileRef = 4D20E06015DEA52F00E475CC /* UIKit.framework */; };
		4D20E06315DEA52F00E475CC /* Foundation.framework in Frameworks */ = {isa = PBXBuildFile; fileRef = 4D20E06215DEA52F00E475CC /* Foundation.framework */; };
		4D20E06515DEA52F00E475CC /* CoreGraphics.framework in Frameworks */ = {isa = PBXBuildFile; fileRef = 4D20E06415DEA52F00E475CC /* CoreGraphics.framework */; };
		4D20E06B15DEA52F00E475CC /* InfoPlist.strings in Resources */ = {isa = PBXBuildFile; fileRef = 4D20E06915DEA52F00E475CC /* InfoPlist.strings */; };
		4D20E06D15DEA52F00E475CC /* main.m in Sources */ = {isa = PBXBuildFile; fileRef = 4D20E06C15DEA52F00E475CC /* main.m */; };
		4D20E07115DEA52F00E475CC /* AppDelegate.m in Sources */ = {isa = PBXBuildFile; fileRef = 4D20E07015DEA52F00E475CC /* AppDelegate.m */; };
		4D20E07415DEA52F00E475CC /* ViewController.m in Sources */ = {isa = PBXBuildFile; fileRef = 4D20E07315DEA52F00E475CC /* ViewController.m */; };
		4D20E07715DEA52F00E475CC /* ViewController.xib in Resources */ = {isa = PBXBuildFile; fileRef = 4D20E07515DEA52F00E475CC /* ViewController.xib */; };
		4D20E08815DEA70F00E475CC /* MediaPlayer.framework in Frameworks */ = {isa = PBXBuildFile; fileRef = 4D20E08715DEA70F00E475CC /* MediaPlayer.framework */; };
		4D20E08A15DEB00200E475CC /* crazyforyou.jpeg in Resources */ = {isa = PBXBuildFile; fileRef = 4D20E08915DEB00200E475CC /* crazyforyou.jpeg */; };
/* End PBXBuildFile section */

/* Begin PBXFileReference section */
		4D20E05C15DEA52F00E475CC /* iTunesPicker.app */ = {isa = PBXFileReference; explicitFileType = wrapper.application; includeInIndex = 0; path = iTunesPicker.app; sourceTree = BUILT_PRODUCTS_DIR; };
		4D20E06015DEA52F00E475CC /* UIKit.framework */ = {isa = PBXFileReference; lastKnownFileType = wrapper.framework; name = UIKit.framework; path = System/Library/Frameworks/UIKit.framework; sourceTree = SDKROOT; };
		4D20E06215DEA52F00E475CC /* Foundation.framework */ = {isa = PBXFileReference; lastKnownFileType = wrapper.framework; name = Foundation.framework; path = System/Library/Frameworks/Foundation.framework; sourceTree = SDKROOT; };
		4D20E06415DEA52F00E475CC /* CoreGraphics.framework */ = {isa = PBXFileReference; lastKnownFileType = wrapper.framework; name = CoreGraphics.framework; path = System/Library/Frameworks/CoreGraphics.framework; sourceTree = SDKROOT; };
		4D20E06815DEA52F00E475CC /* iTunesPicker-Info.plist */ = {isa = PBXFileReference; lastKnownFileType = text.plist.xml; path = "iTunesPicker-Info.plist"; sourceTree = "<group>"; };
		4D20E06A15DEA52F00E475CC /* en */ = {isa = PBXFileReference; lastKnownFileType = text.plist.strings; name = en; path = en.lproj/InfoPlist.strings; sourceTree = "<group>"; };
		4D20E06C15DEA52F00E475CC /* main.m */ = {isa = PBXFileReference; lastKnownFileType = sourcecode.c.objc; path = main.m; sourceTree = "<group>"; };
		4D20E06E15DEA52F00E475CC /* iTunesPicker-Prefix.pch */ = {isa = PBXFileReference; lastKnownFileType = sourcecode.c.h; path = "iTunesPicker-Prefix.pch"; sourceTree = "<group>"; };
		4D20E06F15DEA52F00E475CC /* AppDelegate.h */ = {isa = PBXFileReference; lastKnownFileType = sourcecode.c.h; path = AppDelegate.h; sourceTree = "<group>"; };
		4D20E07015DEA52F00E475CC /* AppDelegate.m */ = {isa = PBXFileReference; lastKnownFileType = sourcecode.c.objc; path = AppDelegate.m; sourceTree = "<group>"; };
		4D20E07215DEA52F00E475CC /* ViewController.h */ = {isa = PBXFileReference; lastKnownFileType = sourcecode.c.h; path = ViewController.h; sourceTree = "<group>"; };
		4D20E07315DEA52F00E475CC /* ViewController.m */ = {isa = PBXFileReference; lastKnownFileType = sourcecode.c.objc; path = ViewController.m; sourceTree = "<group>"; };
		4D20E07615DEA52F00E475CC /* en */ = {isa = PBXFileReference; lastKnownFileType = file.xib; name = en; path = en.lproj/ViewController.xib; sourceTree = "<group>"; };
		4D20E08715DEA70F00E475CC /* MediaPlayer.framework */ = {isa = PBXFileReference; lastKnownFileType = wrapper.framework; name = MediaPlayer.framework; path = System/Library/Frameworks/MediaPlayer.framework; sourceTree = SDKROOT; };
		4D20E08915DEB00200E475CC /* crazyforyou.jpeg */ = {isa = PBXFileReference; lastKnownFileType = image.jpeg; path = crazyforyou.jpeg; sourceTree = "<group>"; };
/* End PBXFileReference section */

/* Begin PBXFrameworksBuildPhase section */
		4D20E05915DEA52F00E475CC /* Frameworks */ = {
			isa = PBXFrameworksBuildPhase;
			buildActionMask = 2147483647;
			files = (
				4D20E08815DEA70F00E475CC /* MediaPlayer.framework in Frameworks */,
				4D20E06115DEA52F00E475CC /* UIKit.framework in Frameworks */,
				4D20E06315DEA52F00E475CC /* Foundation.framework in Frameworks */,
				4D20E06515DEA52F00E475CC /* CoreGraphics.framework in Frameworks */,
			);
			runOnlyForDeploymentPostprocessing = 0;
		};
/* End PBXFrameworksBuildPhase section */

/* Begin PBXGroup section */
		4D20E05115DEA52F00E475CC = {
			isa = PBXGroup;
			children = (
				4D20E06615DEA52F00E475CC /* iTunesPicker */,
				4D20E05F15DEA52F00E475CC /* Frameworks */,
				4D20E05D15DEA52F00E475CC /* Products */,
			);
			sourceTree = "<group>";
		};
		4D20E05D15DEA52F00E475CC /* Products */ = {
			isa = PBXGroup;
			children = (
				4D20E05C15DEA52F00E475CC /* iTunesPicker.app */,
			);
			name = Products;
			sourceTree = "<group>";
		};
		4D20E05F15DEA52F00E475CC /* Frameworks */ = {
			isa = PBXGroup;
			children = (
				4D20E08715DEA70F00E475CC /* MediaPlayer.framework */,
				4D20E06015DEA52F00E475CC /* UIKit.framework */,
				4D20E06215DEA52F00E475CC /* Foundation.framework */,
				4D20E06415DEA52F00E475CC /* CoreGraphics.framework */,
			);
			name = Frameworks;
			sourceTree = "<group>";
		};
		4D20E06615DEA52F00E475CC /* iTunesPicker */ = {
			isa = PBXGroup;
			children = (
				4D20E06F15DEA52F00E475CC /* AppDelegate.h */,
				4D20E07015DEA52F00E475CC /* AppDelegate.m */,
				4D20E07215DEA52F00E475CC /* ViewController.h */,
				4D20E07315DEA52F00E475CC /* ViewController.m */,
				4D20E07515DEA52F00E475CC /* ViewController.xib */,
				4D20E08915DEB00200E475CC /* crazyforyou.jpeg */,
				4D20E06715DEA52F00E475CC /* Supporting Files */,
			);
			path = iTunesPicker;
			sourceTree = "<group>";
		};
		4D20E06715DEA52F00E475CC /* Supporting Files */ = {
			isa = PBXGroup;
			children = (
				4D20E06815DEA52F00E475CC /* iTunesPicker-Info.plist */,
				4D20E06915DEA52F00E475CC /* InfoPlist.strings */,
				4D20E06C15DEA52F00E475CC /* main.m */,
				4D20E06E15DEA52F00E475CC /* iTunesPicker-Prefix.pch */,
			);
			name = "Supporting Files";
			sourceTree = "<group>";
		};
/* End PBXGroup section */

/* Begin PBXNativeTarget section */
		4D20E05B15DEA52F00E475CC /* iTunesPicker */ = {
			isa = PBXNativeTarget;
			buildConfigurationList = 4D20E07A15DEA52F00E475CC /* Build configuration list for PBXNativeTarget "iTunesPicker" */;
			buildPhases = (
				4D20E05815DEA52F00E475CC /* Sources */,
				4D20E05915DEA52F00E475CC /* Frameworks */,
				4D20E05A15DEA52F00E475CC /* Resources */,
			);
			buildRules = (
			);
			dependencies = (
			);
			name = iTunesPicker;
			productName = iTunesPicker;
			productReference = 4D20E05C15DEA52F00E475CC /* iTunesPicker.app */;
			productType = "com.apple.product-type.application";
		};
/* End PBXNativeTarget section */

/* Begin PBXProject section */
		4D20E05315DEA52F00E475CC /* Project object */ = {
			isa = PBXProject;
			attributes = {
				LastUpgradeCheck = 0440;
				ORGANIZATIONNAME = "Mark Cerqueira";
			};
			buildConfigurationList = 4D20E05615DEA52F00E475CC /* Build configuration list for PBXProject "iTunesPicker" */;
			compatibilityVersion = "Xcode 3.2";
			developmentRegion = English;
			hasScannedForEncodings = 0;
			knownRegions = (
				en,
			);
			mainGroup = 4D20E05115DEA52F00E475CC;
			productRefGroup = 4D20E05D15DEA52F00E475CC /* Products */;
			projectDirPath = "";
			projectRoot = "";
			targets = (
				4D20E05B15DEA52F00E475CC /* iTunesPicker */,
			);
		};
/* End PBXProject section */

/* Begin PBXResourcesBuildPhase section */
		4D20E05A15DEA52F00E475CC /* Resources */ = {
			isa = PBXResourcesBuildPhase;
			buildActionMask = 2147483647;
			files = (
				4D20E06B15DEA52F00E475CC /* InfoPlist.strings in Resources */,
				4D20E07715DEA52F00E475CC /* ViewController.xib in Resources */,
				4D20E08A15DEB00200E475CC /* crazyforyou.jpeg in Resources */,
			);
			runOnlyForDeploymentPostprocessing = 0;
		};
/* End PBXResourcesBuildPhase section */

/* Begin PBXSourcesBuildPhase section */
		4D20E05815DEA52F00E475CC /* Sources */ = {
			isa = PBXSourcesBuildPhase;
			buildActionMask = 2147483647;
			files = (
				4D20E06D15DEA52F00E475CC /* main.m in Sources */,
				4D20E07115DEA52F00E475CC /* AppDelegate.m in Sources */,
				4D20E07415DEA52F00E475CC /* ViewController.m in Sources */,
			);
			runOnlyForDeploymentPostprocessing = 0;
		};
/* End PBXSourcesBuildPhase section */

/* Begin PBXVariantGroup section */
		4D20E06915DEA52F00E475CC /* InfoPlist.strings */ = {
			isa = PBXVariantGroup;
			children = (
				4D20E06A15DEA52F00E475CC /* en */,
			);
			name = InfoPlist.strings;
			sourceTree = "<group>";
		};
		4D20E07515DEA52F00E475CC /* ViewController.xib */ = {
			isa = PBXVariantGroup;
			children = (
				4D20E07615DEA52F00E475CC /* en */,
			);
			name = ViewController.xib;
			sourceTree = "<group>";
		};
/* End PBXVariantGroup section */

/* Begin XCBuildConfiguration section */
		4D20E07815DEA52F00E475CC /* Debug */ = {
			isa = XCBuildConfiguration;
			buildSettings = {
				ALWAYS_SEARCH_USER_PATHS = NO;
				ARCHS = "$(ARCHS_STANDARD_32_BIT)";
				CLANG_CXX_LANGUAGE_STANDARD = "gnu++0x";
				CLANG_ENABLE_OBJC_ARC = YES;
				CLANG_WARN__DUPLICATE_METHOD_MATCH = YES;
				"CODE_SIGN_IDENTITY[sdk=iphoneos*]" = "iPhone Developer";
				COPY_PHASE_STRIP = NO;
				GCC_C_LANGUAGE_STANDARD = gnu99;
				GCC_DYNAMIC_NO_PIC = NO;
				GCC_OPTIMIZATION_LEVEL = 0;
				GCC_PREPROCESSOR_DEFINITIONS = (
					"DEBUG=1",
					"$(inherited)",
				);
				GCC_SYMBOLS_PRIVATE_EXTERN = NO;
				GCC_VERSION = com.apple.compilers.llvm.clang.1_0;
				GCC_WARN_ABOUT_RETURN_TYPE = YES;
				GCC_WARN_UNINITIALIZED_AUTOS = YES;
				GCC_WARN_UNUSED_VARIABLE = YES;
				IPHONEOS_DEPLOYMENT_TARGET = 5.1;
				SDKROOT = iphoneos;
			};
			name = Debug;
		};
		4D20E07915DEA52F00E475CC /* Release */ = {
			isa = XCBuildConfiguration;
			buildSettings = {
				ALWAYS_SEARCH_USER_PATHS = NO;
				ARCHS = "$(ARCHS_STANDARD_32_BIT)";
				CLANG_CXX_LANGUAGE_STANDARD = "gnu++0x";
				CLANG_ENABLE_OBJC_ARC = YES;
				CLANG_WARN__DUPLICATE_METHOD_MATCH = YES;
				"CODE_SIGN_IDENTITY[sdk=iphoneos*]" = "iPhone Developer";
				COPY_PHASE_STRIP = YES;
				GCC_C_LANGUAGE_STANDARD = gnu99;
				GCC_VERSION = com.apple.compilers.llvm.clang.1_0;
				GCC_WARN_ABOUT_RETURN_TYPE = YES;
				GCC_WARN_UNINITIALIZED_AUTOS = YES;
				GCC_WARN_UNUSED_VARIABLE = YES;
				IPHONEOS_DEPLOYMENT_TARGET = 5.1;
				OTHER_CFLAGS = "-DNS_BLOCK_ASSERTIONS=1";
				SDKROOT = iphoneos;
				VALIDATE_PRODUCT = YES;
			};
			name = Release;
		};
		4D20E07B15DEA52F00E475CC /* Debug */ = {
			isa = XCBuildConfiguration;
			buildSettings = {
				GCC_PRECOMPILE_PREFIX_HEADER = YES;
				GCC_PREFIX_HEADER = "iTunesPicker/iTunesPicker-Prefix.pch";
				INFOPLIST_FILE = "iTunesPicker/iTunesPicker-Info.plist";
				PRODUCT_NAME = "$(TARGET_NAME)";
				WRAPPER_EXTENSION = app;
			};
			name = Debug;
		};
		4D20E07C15DEA52F00E475CC /* Release */ = {
			isa = XCBuildConfiguration;
			buildSettings = {
				GCC_PRECOMPILE_PREFIX_HEADER = YES;
				GCC_PREFIX_HEADER = "iTunesPicker/iTunesPicker-Prefix.pch";
				INFOPLIST_FILE = "iTunesPicker/iTunesPicker-Info.plist";
				PRODUCT_NAME = "$(TARGET_NAME)";
				WRAPPER_EXTENSION = app;
			};
			name = Release;
		};
/* End XCBuildConfiguration section */

/* Begin XCConfigurationList section */
		4D20E05615DEA52F00E475CC /* Build configuration list for PBXProject "iTunesPicker" */ = {
			isa = XCConfigurationList;
			buildConfigurations = (
				4D20E07815DEA52F00E475CC /* Debug */,
				4D20E07915DEA52F00E475CC /* Release */,
			);
			defaultConfigurationIsVisible = 0;
			defaultConfigurationName = Release;
		};
		4D20E07A15DEA52F00E475CC /* Build configuration list for PBXNativeTarget "iTunesPicker" */ = {
			isa = XCConfigurationList;
			buildConfigurations = (
				4D20E07B15DEA52F00E475CC /* Debug */,
				4D20E07C15DEA52F00E475CC /* Release */,
			);
			defaultConfigurationIsVisible = 0;
		};
/* End XCConfigurationList section */
	};
	rootObject = 4D20E05315DEA52F00E475CC /* Project object */;
}
