// !$*UTF8*$!
{
	archiveVersion = 1;
	classes = {
	};
	objectVersion = 46;
	objects = {

/* Begin PBXBuildFile section */
		09DE53B915DACDD0007027CC /* UIKit.framework in Frameworks */ = {isa = PBXBuildFile; fileRef = 09DE53B815DACDD0007027CC /* UIKit.framework */; };
		09DE53BB15DACDD0007027CC /* Foundation.framework in Frameworks */ = {isa = PBXBuildFile; fileRef = 09DE53BA15DACDD0007027CC /* Foundation.framework */; };
		09DE53BD15DACDD0007027CC /* CoreGraphics.framework in Frameworks */ = {isa = PBXBuildFile; fileRef = 09DE53BC15DACDD0007027CC /* CoreGraphics.framework */; };
		09DE53C315DACDD0007027CC /* InfoPlist.strings in Resources */ = {isa = PBXBuildFile; fileRef = 09DE53C115DACDD0007027CC /* InfoPlist.strings */; };
		09DE53C515DACDD0007027CC /* main.m in Sources */ = {isa = PBXBuildFile; fileRef = 09DE53C415DACDD0007027CC /* main.m */; };
		09DE53C915DACDD0007027CC /* AppDelegate.m in Sources */ = {isa = PBXBuildFile; fileRef = 09DE53C815DACDD0007027CC /* AppDelegate.m */; };
		09DE53CC15DACDD0007027CC /* ViewController.mm in Sources */ = {isa = PBXBuildFile; fileRef = 09DE53CB15DACDD0007027CC /* ViewController.mm */; };
		09DE53CF15DACDD0007027CC /* ViewController_iPhone.xib in Resources */ = {isa = PBXBuildFile; fileRef = 09DE53CD15DACDD0007027CC /* ViewController_iPhone.xib */; };
		09DE53D215DACDD0007027CC /* ViewController_iPad.xib in Resources */ = {isa = PBXBuildFile; fileRef = 09DE53D015DACDD0007027CC /* ViewController_iPad.xib */; };
		09DE53DB15DACDE2007027CC /* mo_audio.mm in Sources */ = {isa = PBXBuildFile; fileRef = 09DE53D915DACDE2007027CC /* mo_audio.mm */; };
		09DE53E215DACE20007027CC /* Audio.mm in Sources */ = {isa = PBXBuildFile; fileRef = 09DE53E015DACE20007027CC /* Audio.mm */; };
		09DE53E615DACE2A007027CC /* AudioToolbox.framework in Frameworks */ = {isa = PBXBuildFile; fileRef = 09DE53E415DACE2A007027CC /* AudioToolbox.framework */; };
		09DE53E715DACE2A007027CC /* CoreAudio.framework in Frameworks */ = {isa = PBXBuildFile; fileRef = 09DE53E515DACE2A007027CC /* CoreAudio.framework */; };
		09DE545215DACE39007027CC /* SKINI.msg in Resources */ = {isa = PBXBuildFile; fileRef = 09DE543A15DACE39007027CC /* SKINI.msg */; };
		09DE545315DACE39007027CC /* SKINI.tbl in Resources */ = {isa = PBXBuildFile; fileRef = 09DE543B15DACE39007027CC /* SKINI.tbl */; };
		09DE545415DACE39007027CC /* libstk.a in Frameworks */ = {isa = PBXBuildFile; fileRef = 09DE545115DACE39007027CC /* libstk.a */; };
		09DE545915DAD0EC007027CC /* rabbit.jpeg in Resources */ = {isa = PBXBuildFile; fileRef = 09DE545815DAD0EC007027CC /* rabbit.jpeg */; };
		09DE545D15DAD25B007027CC /* cat.jpeg in Resources */ = {isa = PBXBuildFile; fileRef = 09DE545C15DAD25B007027CC /* cat.jpeg */; };
/* End PBXBuildFile section */

/* Begin PBXFileReference section */
		09DE53B415DACDD0007027CC /* Wavy.app */ = {isa = PBXFileReference; explicitFileType = wrapper.application; includeInIndex = 0; path = Wavy.app; sourceTree = BUILT_PRODUCTS_DIR; };
		09DE53B815DACDD0007027CC /* UIKit.framework */ = {isa = PBXFileReference; lastKnownFileType = wrapper.framework; name = UIKit.framework; path = System/Library/Frameworks/UIKit.framework; sourceTree = SDKROOT; };
		09DE53BA15DACDD0007027CC /* Foundation.framework */ = {isa = PBXFileReference; lastKnownFileType = wrapper.framework; name = Foundation.framework; path = System/Library/Frameworks/Foundation.framework; sourceTree = SDKROOT; };
		09DE53BC15DACDD0007027CC /* CoreGraphics.framework */ = {isa = PBXFileReference; lastKnownFileType = wrapper.framework; name = CoreGraphics.framework; path = System/Library/Frameworks/CoreGraphics.framework; sourceTree = SDKROOT; };
		09DE53C015DACDD0007027CC /* Wavy-Info.plist */ = {isa = PBXFileReference; lastKnownFileType = text.plist.xml; path = "Wavy-Info.plist"; sourceTree = "<group>"; };
		09DE53C215DACDD0007027CC /* en */ = {isa = PBXFileReference; lastKnownFileType = text.plist.strings; name = en; path = en.lproj/InfoPlist.strings; sourceTree = "<group>"; };
		09DE53C415DACDD0007027CC /* main.m */ = {isa = PBXFileReference; lastKnownFileType = sourcecode.c.objc; path = main.m; sourceTree = "<group>"; };
		09DE53C615DACDD0007027CC /* Wavy-Prefix.pch */ = {isa = PBXFileReference; lastKnownFileType = sourcecode.c.h; path = "Wavy-Prefix.pch"; sourceTree = "<group>"; };
		09DE53C715DACDD0007027CC /* AppDelegate.h */ = {isa = PBXFileReference; lastKnownFileType = sourcecode.c.h; path = AppDelegate.h; sourceTree = "<group>"; };
		09DE53C815DACDD0007027CC /* AppDelegate.m */ = {isa = PBXFileReference; lastKnownFileType = sourcecode.c.objc; path = AppDelegate.m; sourceTree = "<group>"; };
		09DE53CA15DACDD0007027CC /* ViewController.h */ = {isa = PBXFileReference; lastKnownFileType = sourcecode.c.h; path = ViewController.h; sourceTree = "<group>"; };
		09DE53CB15DACDD0007027CC /* ViewController.mm */ = {isa = PBXFileReference; lastKnownFileType = sourcecode.cpp.objcpp; path = ViewController.mm; sourceTree = "<group>"; };
		09DE53CE15DACDD0007027CC /* en */ = {isa = PBXFileReference; lastKnownFileType = file.xib; name = en; path = en.lproj/ViewController_iPhone.xib; sourceTree = "<group>"; };
		09DE53D115DACDD0007027CC /* en */ = {isa = PBXFileReference; lastKnownFileType = file.xib; name = en; path = en.lproj/ViewController_iPad.xib; sourceTree = "<group>"; };
		09DE53D815DACDE2007027CC /* mo_audio.h */ = {isa = PBXFileReference; fileEncoding = 4; lastKnownFileType = sourcecode.c.h; path = mo_audio.h; sourceTree = "<group>"; };
		09DE53D915DACDE2007027CC /* mo_audio.mm */ = {isa = PBXFileReference; fileEncoding = 4; lastKnownFileType = sourcecode.cpp.objcpp; path = mo_audio.mm; sourceTree = "<group>"; };
		09DE53DA15DACDE2007027CC /* mo_def.h */ = {isa = PBXFileReference; fileEncoding = 4; lastKnownFileType = sourcecode.c.h; path = mo_def.h; sourceTree = "<group>"; };
		09DE53E015DACE20007027CC /* Audio.mm */ = {isa = PBXFileReference; fileEncoding = 4; lastKnownFileType = sourcecode.cpp.objcpp; path = Audio.mm; sourceTree = "<group>"; };
		09DE53E115DACE20007027CC /* Audio.h */ = {isa = PBXFileReference; fileEncoding = 4; lastKnownFileType = sourcecode.c.h; path = Audio.h; sourceTree = "<group>"; };
		09DE53E415DACE2A007027CC /* AudioToolbox.framework */ = {isa = PBXFileReference; lastKnownFileType = wrapper.framework; name = AudioToolbox.framework; path = System/Library/Frameworks/AudioToolbox.framework; sourceTree = SDKROOT; };
		09DE53E515DACE2A007027CC /* CoreAudio.framework */ = {isa = PBXFileReference; lastKnownFileType = wrapper.framework; name = CoreAudio.framework; path = System/Library/Frameworks/CoreAudio.framework; sourceTree = SDKROOT; };
		09DE53EA15DACE39007027CC /* ADSR.h */ = {isa = PBXFileReference; fileEncoding = 4; lastKnownFileType = sourcecode.c.h; path = ADSR.h; sourceTree = "<group>"; };
		09DE53EB15DACE39007027CC /* Asymp.h */ = {isa = PBXFileReference; fileEncoding = 4; lastKnownFileType = sourcecode.c.h; path = Asymp.h; sourceTree = "<group>"; };
		09DE53EC15DACE39007027CC /* BandedWG.h */ = {isa = PBXFileReference; fileEncoding = 4; lastKnownFileType = sourcecode.c.h; path = BandedWG.h; sourceTree = "<group>"; };
		09DE53ED15DACE39007027CC /* BeeThree.h */ = {isa = PBXFileReference; fileEncoding = 4; lastKnownFileType = sourcecode.c.h; path = BeeThree.h; sourceTree = "<group>"; };
		09DE53EE15DACE39007027CC /* BiQuad.h */ = {isa = PBXFileReference; fileEncoding = 4; lastKnownFileType = sourcecode.c.h; path = BiQuad.h; sourceTree = "<group>"; };
		09DE53EF15DACE39007027CC /* Blit.h */ = {isa = PBXFileReference; fileEncoding = 4; lastKnownFileType = sourcecode.c.h; path = Blit.h; sourceTree = "<group>"; };
		09DE53F015DACE39007027CC /* BlitSaw.h */ = {isa = PBXFileReference; fileEncoding = 4; lastKnownFileType = sourcecode.c.h; path = BlitSaw.h; sourceTree = "<group>"; };
		09DE53F115DACE39007027CC /* BlitSquare.h */ = {isa = PBXFileReference; fileEncoding = 4; lastKnownFileType = sourcecode.c.h; path = BlitSquare.h; sourceTree = "<group>"; };
		09DE53F215DACE39007027CC /* BlowBotl.h */ = {isa = PBXFileReference; fileEncoding = 4; lastKnownFileType = sourcecode.c.h; path = BlowBotl.h; sourceTree = "<group>"; };
		09DE53F315DACE39007027CC /* BlowHole.h */ = {isa = PBXFileReference; fileEncoding = 4; lastKnownFileType = sourcecode.c.h; path = BlowHole.h; sourceTree = "<group>"; };
		09DE53F415DACE39007027CC /* Bowed.h */ = {isa = PBXFileReference; fileEncoding = 4; lastKnownFileType = sourcecode.c.h; path = Bowed.h; sourceTree = "<group>"; };
		09DE53F515DACE39007027CC /* BowTable.h */ = {isa = PBXFileReference; fileEncoding = 4; lastKnownFileType = sourcecode.c.h; path = BowTable.h; sourceTree = "<group>"; };
		09DE53F615DACE39007027CC /* Brass.h */ = {isa = PBXFileReference; fileEncoding = 4; lastKnownFileType = sourcecode.c.h; path = Brass.h; sourceTree = "<group>"; };
		09DE53F715DACE39007027CC /* Chorus.h */ = {isa = PBXFileReference; fileEncoding = 4; lastKnownFileType = sourcecode.c.h; path = Chorus.h; sourceTree = "<group>"; };
		09DE53F815DACE39007027CC /* Clarinet.h */ = {isa = PBXFileReference; fileEncoding = 4; lastKnownFileType = sourcecode.c.h; path = Clarinet.h; sourceTree = "<group>"; };
		09DE53F915DACE39007027CC /* Cubic.h */ = {isa = PBXFileReference; fileEncoding = 4; lastKnownFileType = sourcecode.c.h; path = Cubic.h; sourceTree = "<group>"; };
		09DE53FA15DACE39007027CC /* Delay.h */ = {isa = PBXFileReference; fileEncoding = 4; lastKnownFileType = sourcecode.c.h; path = Delay.h; sourceTree = "<group>"; };
		09DE53FB15DACE39007027CC /* DelayA.h */ = {isa = PBXFileReference; fileEncoding = 4; lastKnownFileType = sourcecode.c.h; path = DelayA.h; sourceTree = "<group>"; };
		09DE53FC15DACE39007027CC /* DelayL.h */ = {isa = PBXFileReference; fileEncoding = 4; lastKnownFileType = sourcecode.c.h; path = DelayL.h; sourceTree = "<group>"; };
		09DE53FD15DACE39007027CC /* Drummer.h */ = {isa = PBXFileReference; fileEncoding = 4; lastKnownFileType = sourcecode.c.h; path = Drummer.h; sourceTree = "<group>"; };
		09DE53FE15DACE39007027CC /* Echo.h */ = {isa = PBXFileReference; fileEncoding = 4; lastKnownFileType = sourcecode.c.h; path = Echo.h; sourceTree = "<group>"; };
		09DE53FF15DACE39007027CC /* Effect.h */ = {isa = PBXFileReference; fileEncoding = 4; lastKnownFileType = sourcecode.c.h; path = Effect.h; sourceTree = "<group>"; };
		09DE540015DACE39007027CC /* Envelope.h */ = {isa = PBXFileReference; fileEncoding = 4; lastKnownFileType = sourcecode.c.h; path = Envelope.h; sourceTree = "<group>"; };
		09DE540115DACE39007027CC /* FileLoop.h */ = {isa = PBXFileReference; fileEncoding = 4; lastKnownFileType = sourcecode.c.h; path = FileLoop.h; sourceTree = "<group>"; };
		09DE540215DACE39007027CC /* FileRead.h */ = {isa = PBXFileReference; fileEncoding = 4; lastKnownFileType = sourcecode.c.h; path = FileRead.h; sourceTree = "<group>"; };
		09DE540315DACE39007027CC /* FileWrite.h */ = {isa = PBXFileReference; fileEncoding = 4; lastKnownFileType = sourcecode.c.h; path = FileWrite.h; sourceTree = "<group>"; };
		09DE540415DACE39007027CC /* FileWvIn.h */ = {isa = PBXFileReference; fileEncoding = 4; lastKnownFileType = sourcecode.c.h; path = FileWvIn.h; sourceTree = "<group>"; };
		09DE540515DACE39007027CC /* FileWvOut.h */ = {isa = PBXFileReference; fileEncoding = 4; lastKnownFileType = sourcecode.c.h; path = FileWvOut.h; sourceTree = "<group>"; };
		09DE540615DACE39007027CC /* Filter.h */ = {isa = PBXFileReference; fileEncoding = 4; lastKnownFileType = sourcecode.c.h; path = Filter.h; sourceTree = "<group>"; };
		09DE540715DACE39007027CC /* Fir.h */ = {isa = PBXFileReference; fileEncoding = 4; lastKnownFileType = sourcecode.c.h; path = Fir.h; sourceTree = "<group>"; };
		09DE540815DACE39007027CC /* Flute.h */ = {isa = PBXFileReference; fileEncoding = 4; lastKnownFileType = sourcecode.c.h; path = Flute.h; sourceTree = "<group>"; };
		09DE540915DACE39007027CC /* FM.h */ = {isa = PBXFileReference; fileEncoding = 4; lastKnownFileType = sourcecode.c.h; path = FM.h; sourceTree = "<group>"; };
		09DE540A15DACE39007027CC /* FMVoices.h */ = {isa = PBXFileReference; fileEncoding = 4; lastKnownFileType = sourcecode.c.h; path = FMVoices.h; sourceTree = "<group>"; };
		09DE540B15DACE39007027CC /* FormSwep.h */ = {isa = PBXFileReference; fileEncoding = 4; lastKnownFileType = sourcecode.c.h; path = FormSwep.h; sourceTree = "<group>"; };
		09DE540C15DACE39007027CC /* Function.h */ = {isa = PBXFileReference; fileEncoding = 4; lastKnownFileType = sourcecode.c.h; path = Function.h; sourceTree = "<group>"; };
		09DE540D15DACE39007027CC /* Generator.h */ = {isa = PBXFileReference; fileEncoding = 4; lastKnownFileType = sourcecode.c.h; path = Generator.h; sourceTree = "<group>"; };
		09DE540E15DACE39007027CC /* Granulate.h */ = {isa = PBXFileReference; fileEncoding = 4; lastKnownFileType = sourcecode.c.h; path = Granulate.h; sourceTree = "<group>"; };
		09DE540F15DACE39007027CC /* HevyMetl.h */ = {isa = PBXFileReference; fileEncoding = 4; lastKnownFileType = sourcecode.c.h; path = HevyMetl.h; sourceTree = "<group>"; };
		09DE541015DACE39007027CC /* Iir.h */ = {isa = PBXFileReference; fileEncoding = 4; lastKnownFileType = sourcecode.c.h; path = Iir.h; sourceTree = "<group>"; };
		09DE541115DACE39007027CC /* InetWvIn.h */ = {isa = PBXFileReference; fileEncoding = 4; lastKnownFileType = sourcecode.c.h; path = InetWvIn.h; sourceTree = "<group>"; };
		09DE541215DACE39007027CC /* InetWvOut.h */ = {isa = PBXFileReference; fileEncoding = 4; lastKnownFileType = sourcecode.c.h; path = InetWvOut.h; sourceTree = "<group>"; };
		09DE541315DACE39007027CC /* Instrmnt.h */ = {isa = PBXFileReference; fileEncoding = 4; lastKnownFileType = sourcecode.c.h; path = Instrmnt.h; sourceTree = "<group>"; };
		09DE541415DACE39007027CC /* JCRev.h */ = {isa = PBXFileReference; fileEncoding = 4; lastKnownFileType = sourcecode.c.h; path = JCRev.h; sourceTree = "<group>"; };
		09DE541515DACE39007027CC /* JetTable.h */ = {isa = PBXFileReference; fileEncoding = 4; lastKnownFileType = sourcecode.c.h; path = JetTable.h; sourceTree = "<group>"; };
		09DE541615DACE39007027CC /* LentPitShift.h */ = {isa = PBXFileReference; fileEncoding = 4; lastKnownFileType = sourcecode.c.h; path = LentPitShift.h; sourceTree = "<group>"; };
		09DE541715DACE39007027CC /* Mandolin.h */ = {isa = PBXFileReference; fileEncoding = 4; lastKnownFileType = sourcecode.c.h; path = Mandolin.h; sourceTree = "<group>"; };
		09DE541815DACE39007027CC /* Mesh2D.h */ = {isa = PBXFileReference; fileEncoding = 4; lastKnownFileType = sourcecode.c.h; path = Mesh2D.h; sourceTree = "<group>"; };
		09DE541915DACE39007027CC /* Messager.h */ = {isa = PBXFileReference; fileEncoding = 4; lastKnownFileType = sourcecode.c.h; path = Messager.h; sourceTree = "<group>"; };
		09DE541A15DACE39007027CC /* MidiFileIn.h */ = {isa = PBXFileReference; fileEncoding = 4; lastKnownFileType = sourcecode.c.h; path = MidiFileIn.h; sourceTree = "<group>"; };
		09DE541B15DACE39007027CC /* Modal.h */ = {isa = PBXFileReference; fileEncoding = 4; lastKnownFileType = sourcecode.c.h; path = Modal.h; sourceTree = "<group>"; };
		09DE541C15DACE39007027CC /* ModalBar.h */ = {isa = PBXFileReference; fileEncoding = 4; lastKnownFileType = sourcecode.c.h; path = ModalBar.h; sourceTree = "<group>"; };
		09DE541D15DACE39007027CC /* Modulate.h */ = {isa = PBXFileReference; fileEncoding = 4; lastKnownFileType = sourcecode.c.h; path = Modulate.h; sourceTree = "<group>"; };
		09DE541E15DACE39007027CC /* Moog.h */ = {isa = PBXFileReference; fileEncoding = 4; lastKnownFileType = sourcecode.c.h; path = Moog.h; sourceTree = "<group>"; };
		09DE541F15DACE39007027CC /* Mutex.h */ = {isa = PBXFileReference; fileEncoding = 4; lastKnownFileType = sourcecode.c.h; path = Mutex.h; sourceTree = "<group>"; };
		09DE542015DACE39007027CC /* Noise.h */ = {isa = PBXFileReference; fileEncoding = 4; lastKnownFileType = sourcecode.c.h; path = Noise.h; sourceTree = "<group>"; };
		09DE542115DACE39007027CC /* NRev.h */ = {isa = PBXFileReference; fileEncoding = 4; lastKnownFileType = sourcecode.c.h; path = NRev.h; sourceTree = "<group>"; };
		09DE542215DACE39007027CC /* OnePole.h */ = {isa = PBXFileReference; fileEncoding = 4; lastKnownFileType = sourcecode.c.h; path = OnePole.h; sourceTree = "<group>"; };
		09DE542315DACE39007027CC /* OneZero.h */ = {isa = PBXFileReference; fileEncoding = 4; lastKnownFileType = sourcecode.c.h; path = OneZero.h; sourceTree = "<group>"; };
		09DE542415DACE39007027CC /* PercFlut.h */ = {isa = PBXFileReference; fileEncoding = 4; lastKnownFileType = sourcecode.c.h; path = PercFlut.h; sourceTree = "<group>"; };
		09DE542515DACE39007027CC /* Phonemes.h */ = {isa = PBXFileReference; fileEncoding = 4; lastKnownFileType = sourcecode.c.h; path = Phonemes.h; sourceTree = "<group>"; };
		09DE542615DACE39007027CC /* PitShift.h */ = {isa = PBXFileReference; fileEncoding = 4; lastKnownFileType = sourcecode.c.h; path = PitShift.h; sourceTree = "<group>"; };
		09DE542715DACE39007027CC /* Plucked.h */ = {isa = PBXFileReference; fileEncoding = 4; lastKnownFileType = sourcecode.c.h; path = Plucked.h; sourceTree = "<group>"; };
		09DE542815DACE39007027CC /* PoleZero.h */ = {isa = PBXFileReference; fileEncoding = 4; lastKnownFileType = sourcecode.c.h; path = PoleZero.h; sourceTree = "<group>"; };
		09DE542915DACE39007027CC /* PRCRev.h */ = {isa = PBXFileReference; fileEncoding = 4; lastKnownFileType = sourcecode.c.h; path = PRCRev.h; sourceTree = "<group>"; };
		09DE542A15DACE39007027CC /* ReedTable.h */ = {isa = PBXFileReference; fileEncoding = 4; lastKnownFileType = sourcecode.c.h; path = ReedTable.h; sourceTree = "<group>"; };
		09DE542B15DACE39007027CC /* Resonate.h */ = {isa = PBXFileReference; fileEncoding = 4; lastKnownFileType = sourcecode.c.h; path = Resonate.h; sourceTree = "<group>"; };
		09DE542C15DACE39007027CC /* Rhodey.h */ = {isa = PBXFileReference; fileEncoding = 4; lastKnownFileType = sourcecode.c.h; path = Rhodey.h; sourceTree = "<group>"; };
		09DE542D15DACE39007027CC /* RtAudio.h */ = {isa = PBXFileReference; fileEncoding = 4; lastKnownFileType = sourcecode.c.h; path = RtAudio.h; sourceTree = "<group>"; };
		09DE542E15DACE39007027CC /* RtError.h */ = {isa = PBXFileReference; fileEncoding = 4; lastKnownFileType = sourcecode.c.h; path = RtError.h; sourceTree = "<group>"; };
		09DE542F15DACE39007027CC /* RtMidi.h */ = {isa = PBXFileReference; fileEncoding = 4; lastKnownFileType = sourcecode.c.h; path = RtMidi.h; sourceTree = "<group>"; };
		09DE543015DACE39007027CC /* RtWvIn.h */ = {isa = PBXFileReference; fileEncoding = 4; lastKnownFileType = sourcecode.c.h; path = RtWvIn.h; sourceTree = "<group>"; };
		09DE543115DACE39007027CC /* RtWvOut.h */ = {isa = PBXFileReference; fileEncoding = 4; lastKnownFileType = sourcecode.c.h; path = RtWvOut.h; sourceTree = "<group>"; };
		09DE543215DACE39007027CC /* Sampler.h */ = {isa = PBXFileReference; fileEncoding = 4; lastKnownFileType = sourcecode.c.h; path = Sampler.h; sourceTree = "<group>"; };
		09DE543315DACE39007027CC /* Saxofony.h */ = {isa = PBXFileReference; fileEncoding = 4; lastKnownFileType = sourcecode.c.h; path = Saxofony.h; sourceTree = "<group>"; };
		09DE543415DACE39007027CC /* Shakers.h */ = {isa = PBXFileReference; fileEncoding = 4; lastKnownFileType = sourcecode.c.h; path = Shakers.h; sourceTree = "<group>"; };
		09DE543515DACE39007027CC /* Simple.h */ = {isa = PBXFileReference; fileEncoding = 4; lastKnownFileType = sourcecode.c.h; path = Simple.h; sourceTree = "<group>"; };
		09DE543615DACE39007027CC /* SineWave.h */ = {isa = PBXFileReference; fileEncoding = 4; lastKnownFileType = sourcecode.c.h; path = SineWave.h; sourceTree = "<group>"; };
		09DE543715DACE39007027CC /* SingWave.h */ = {isa = PBXFileReference; fileEncoding = 4; lastKnownFileType = sourcecode.c.h; path = SingWave.h; sourceTree = "<group>"; };
		09DE543815DACE39007027CC /* Sitar.h */ = {isa = PBXFileReference; fileEncoding = 4; lastKnownFileType = sourcecode.c.h; path = Sitar.h; sourceTree = "<group>"; };
		09DE543915DACE39007027CC /* Skini.h */ = {isa = PBXFileReference; fileEncoding = 4; lastKnownFileType = sourcecode.c.h; path = Skini.h; sourceTree = "<group>"; };
		09DE543A15DACE39007027CC /* SKINI.msg */ = {isa = PBXFileReference; fileEncoding = 4; lastKnownFileType = text; path = SKINI.msg; sourceTree = "<group>"; };
		09DE543B15DACE39007027CC /* SKINI.tbl */ = {isa = PBXFileReference; fileEncoding = 4; lastKnownFileType = text; path = SKINI.tbl; sourceTree = "<group>"; };
		09DE543C15DACE39007027CC /* Socket.h */ = {isa = PBXFileReference; fileEncoding = 4; lastKnownFileType = sourcecode.c.h; path = Socket.h; sourceTree = "<group>"; };
		09DE543D15DACE39007027CC /* Sphere.h */ = {isa = PBXFileReference; fileEncoding = 4; lastKnownFileType = sourcecode.c.h; path = Sphere.h; sourceTree = "<group>"; };
		09DE543E15DACE39007027CC /* StifKarp.h */ = {isa = PBXFileReference; fileEncoding = 4; lastKnownFileType = sourcecode.c.h; path = StifKarp.h; sourceTree = "<group>"; };
		09DE543F15DACE39007027CC /* Stk.h */ = {isa = PBXFileReference; fileEncoding = 4; lastKnownFileType = sourcecode.c.h; path = Stk.h; sourceTree = "<group>"; };
		09DE544015DACE39007027CC /* TapDelay.h */ = {isa = PBXFileReference; fileEncoding = 4; lastKnownFileType = sourcecode.c.h; path = TapDelay.h; sourceTree = "<group>"; };
		09DE544115DACE39007027CC /* TcpClient.h */ = {isa = PBXFileReference; fileEncoding = 4; lastKnownFileType = sourcecode.c.h; path = TcpClient.h; sourceTree = "<group>"; };
		09DE544215DACE39007027CC /* TcpServer.h */ = {isa = PBXFileReference; fileEncoding = 4; lastKnownFileType = sourcecode.c.h; path = TcpServer.h; sourceTree = "<group>"; };
		09DE544315DACE39007027CC /* Thread.h */ = {isa = PBXFileReference; fileEncoding = 4; lastKnownFileType = sourcecode.c.h; path = Thread.h; sourceTree = "<group>"; };
		09DE544415DACE39007027CC /* TubeBell.h */ = {isa = PBXFileReference; fileEncoding = 4; lastKnownFileType = sourcecode.c.h; path = TubeBell.h; sourceTree = "<group>"; };
		09DE544515DACE39007027CC /* Twang.h */ = {isa = PBXFileReference; fileEncoding = 4; lastKnownFileType = sourcecode.c.h; path = Twang.h; sourceTree = "<group>"; };
		09DE544615DACE39007027CC /* TwoPole.h */ = {isa = PBXFileReference; fileEncoding = 4; lastKnownFileType = sourcecode.c.h; path = TwoPole.h; sourceTree = "<group>"; };
		09DE544715DACE39007027CC /* TwoZero.h */ = {isa = PBXFileReference; fileEncoding = 4; lastKnownFileType = sourcecode.c.h; path = TwoZero.h; sourceTree = "<group>"; };
		09DE544815DACE39007027CC /* UdpSocket.h */ = {isa = PBXFileReference; fileEncoding = 4; lastKnownFileType = sourcecode.c.h; path = UdpSocket.h; sourceTree = "<group>"; };
		09DE544915DACE39007027CC /* Vector3D.h */ = {isa = PBXFileReference; fileEncoding = 4; lastKnownFileType = sourcecode.c.h; path = Vector3D.h; sourceTree = "<group>"; };
		09DE544A15DACE39007027CC /* Voicer.h */ = {isa = PBXFileReference; fileEncoding = 4; lastKnownFileType = sourcecode.c.h; path = Voicer.h; sourceTree = "<group>"; };
		09DE544B15DACE39007027CC /* VoicForm.h */ = {isa = PBXFileReference; fileEncoding = 4; lastKnownFileType = sourcecode.c.h; path = VoicForm.h; sourceTree = "<group>"; };
		09DE544C15DACE39007027CC /* Whistle.h */ = {isa = PBXFileReference; fileEncoding = 4; lastKnownFileType = sourcecode.c.h; path = Whistle.h; sourceTree = "<group>"; };
		09DE544D15DACE39007027CC /* Wurley.h */ = {isa = PBXFileReference; fileEncoding = 4; lastKnownFileType = sourcecode.c.h; path = Wurley.h; sourceTree = "<group>"; };
		09DE544E15DACE39007027CC /* WvIn.h */ = {isa = PBXFileReference; fileEncoding = 4; lastKnownFileType = sourcecode.c.h; path = WvIn.h; sourceTree = "<group>"; };
		09DE544F15DACE39007027CC /* WvOut.h */ = {isa = PBXFileReference; fileEncoding = 4; lastKnownFileType = sourcecode.c.h; path = WvOut.h; sourceTree = "<group>"; };
		09DE545115DACE39007027CC /* libstk.a */ = {isa = PBXFileReference; lastKnownFileType = archive.ar; path = libstk.a; sourceTree = "<group>"; };
		09DE545715DACFCD007027CC /* Filepaths.h */ = {isa = PBXFileReference; lastKnownFileType = sourcecode.c.h; path = Filepaths.h; sourceTree = "<group>"; };
		09DE545815DAD0EC007027CC /* rabbit.jpeg */ = {isa = PBXFileReference; lastKnownFileType = image.jpeg; path = rabbit.jpeg; sourceTree = "<group>"; };
		09DE545C15DAD25B007027CC /* cat.jpeg */ = {isa = PBXFileReference; lastKnownFileType = image.jpeg; path = cat.jpeg; sourceTree = "<group>"; };
		09DE545E15DAD96E007027CC /* CircularBuffer.h */ = {isa = PBXFileReference; lastKnownFileType = sourcecode.c.h; path = CircularBuffer.h; sourceTree = "<group>"; };
/* End PBXFileReference section */

/* Begin PBXFrameworksBuildPhase section */
		09DE53B115DACDD0007027CC /* Frameworks */ = {
			isa = PBXFrameworksBuildPhase;
			buildActionMask = 2147483647;
			files = (
				09DE53E615DACE2A007027CC /* AudioToolbox.framework in Frameworks */,
				09DE53E715DACE2A007027CC /* CoreAudio.framework in Frameworks */,
				09DE53B915DACDD0007027CC /* UIKit.framework in Frameworks */,
				09DE53BB15DACDD0007027CC /* Foundation.framework in Frameworks */,
				09DE53BD15DACDD0007027CC /* CoreGraphics.framework in Frameworks */,
				09DE545415DACE39007027CC /* libstk.a in Frameworks */,
			);
			runOnlyForDeploymentPostprocessing = 0;
		};
/* End PBXFrameworksBuildPhase section */

/* Begin PBXGroup section */
		09DE53A915DACDD0007027CC = {
			isa = PBXGroup;
			children = (
				09DE53E415DACE2A007027CC /* AudioToolbox.framework */,
				09DE53E515DACE2A007027CC /* CoreAudio.framework */,
				09DE53BE15DACDD0007027CC /* Wavy */,
				09DE53B715DACDD0007027CC /* Frameworks */,
				09DE53B515DACDD0007027CC /* Products */,
			);
			sourceTree = "<group>";
		};
		09DE53B515DACDD0007027CC /* Products */ = {
			isa = PBXGroup;
			children = (
				09DE53B415DACDD0007027CC /* Wavy.app */,
			);
			name = Products;
			sourceTree = "<group>";
		};
		09DE53B715DACDD0007027CC /* Frameworks */ = {
			isa = PBXGroup;
			children = (
				09DE53B815DACDD0007027CC /* UIKit.framework */,
				09DE53BA15DACDD0007027CC /* Foundation.framework */,
				09DE53BC15DACDD0007027CC /* CoreGraphics.framework */,
			);
			name = Frameworks;
			sourceTree = "<group>";
		};
		09DE53BE15DACDD0007027CC /* Wavy */ = {
			isa = PBXGroup;
			children = (
				09DE545E15DAD96E007027CC /* CircularBuffer.h */,
				09DE545C15DAD25B007027CC /* cat.jpeg */,
				09DE545815DAD0EC007027CC /* rabbit.jpeg */,
				09DE545715DACFCD007027CC /* Filepaths.h */,
				09DE53E815DACE39007027CC /* stk */,
				09DE53E015DACE20007027CC /* Audio.mm */,
				09DE53E115DACE20007027CC /* Audio.h */,
				09DE53D815DACDE2007027CC /* mo_audio.h */,
				09DE53D915DACDE2007027CC /* mo_audio.mm */,
				09DE53DA15DACDE2007027CC /* mo_def.h */,
				09DE53C715DACDD0007027CC /* AppDelegate.h */,
				09DE53C815DACDD0007027CC /* AppDelegate.m */,
				09DE53CA15DACDD0007027CC /* ViewController.h */,
				09DE53CB15DACDD0007027CC /* ViewController.mm */,
				09DE53CD15DACDD0007027CC /* ViewController_iPhone.xib */,
				09DE53D015DACDD0007027CC /* ViewController_iPad.xib */,
				09DE53BF15DACDD0007027CC /* Supporting Files */,
			);
			path = Wavy;
			sourceTree = "<group>";
		};
		09DE53BF15DACDD0007027CC /* Supporting Files */ = {
			isa = PBXGroup;
			children = (
				09DE53C015DACDD0007027CC /* Wavy-Info.plist */,
				09DE53C115DACDD0007027CC /* InfoPlist.strings */,
				09DE53C415DACDD0007027CC /* main.m */,
				09DE53C615DACDD0007027CC /* Wavy-Prefix.pch */,
			);
			name = "Supporting Files";
			sourceTree = "<group>";
		};
		09DE53E815DACE39007027CC /* stk */ = {
			isa = PBXGroup;
			children = (
				09DE53E915DACE39007027CC /* include */,
				09DE545015DACE39007027CC /* lib */,
			);
			name = stk;
			path = ../stk;
			sourceTree = "<group>";
		};
		09DE53E915DACE39007027CC /* include */ = {
			isa = PBXGroup;
			children = (
				09DE53EA15DACE39007027CC /* ADSR.h */,
				09DE53EB15DACE39007027CC /* Asymp.h */,
				09DE53EC15DACE39007027CC /* BandedWG.h */,
				09DE53ED15DACE39007027CC /* BeeThree.h */,
				09DE53EE15DACE39007027CC /* BiQuad.h */,
				09DE53EF15DACE39007027CC /* Blit.h */,
				09DE53F015DACE39007027CC /* BlitSaw.h */,
				09DE53F115DACE39007027CC /* BlitSquare.h */,
				09DE53F215DACE39007027CC /* BlowBotl.h */,
				09DE53F315DACE39007027CC /* BlowHole.h */,
				09DE53F415DACE39007027CC /* Bowed.h */,
				09DE53F515DACE39007027CC /* BowTable.h */,
				09DE53F615DACE39007027CC /* Brass.h */,
				09DE53F715DACE39007027CC /* Chorus.h */,
				09DE53F815DACE39007027CC /* Clarinet.h */,
				09DE53F915DACE39007027CC /* Cubic.h */,
				09DE53FA15DACE39007027CC /* Delay.h */,
				09DE53FB15DACE39007027CC /* DelayA.h */,
				09DE53FC15DACE39007027CC /* DelayL.h */,
				09DE53FD15DACE39007027CC /* Drummer.h */,
				09DE53FE15DACE39007027CC /* Echo.h */,
				09DE53FF15DACE39007027CC /* Effect.h */,
				09DE540015DACE39007027CC /* Envelope.h */,
				09DE540115DACE39007027CC /* FileLoop.h */,
				09DE540215DACE39007027CC /* FileRead.h */,
				09DE540315DACE39007027CC /* FileWrite.h */,
				09DE540415DACE39007027CC /* FileWvIn.h */,
				09DE540515DACE39007027CC /* FileWvOut.h */,
				09DE540615DACE39007027CC /* Filter.h */,
				09DE540715DACE39007027CC /* Fir.h */,
				09DE540815DACE39007027CC /* Flute.h */,
				09DE540915DACE39007027CC /* FM.h */,
				09DE540A15DACE39007027CC /* FMVoices.h */,
				09DE540B15DACE39007027CC /* FormSwep.h */,
				09DE540C15DACE39007027CC /* Function.h */,
				09DE540D15DACE39007027CC /* Generator.h */,
				09DE540E15DACE39007027CC /* Granulate.h */,
				09DE540F15DACE39007027CC /* HevyMetl.h */,
				09DE541015DACE39007027CC /* Iir.h */,
				09DE541115DACE39007027CC /* InetWvIn.h */,
				09DE541215DACE39007027CC /* InetWvOut.h */,
				09DE541315DACE39007027CC /* Instrmnt.h */,
				09DE541415DACE39007027CC /* JCRev.h */,
				09DE541515DACE39007027CC /* JetTable.h */,
				09DE541615DACE39007027CC /* LentPitShift.h */,
				09DE541715DACE39007027CC /* Mandolin.h */,
				09DE541815DACE39007027CC /* Mesh2D.h */,
				09DE541915DACE39007027CC /* Messager.h */,
				09DE541A15DACE39007027CC /* MidiFileIn.h */,
				09DE541B15DACE39007027CC /* Modal.h */,
				09DE541C15DACE39007027CC /* ModalBar.h */,
				09DE541D15DACE39007027CC /* Modulate.h */,
				09DE541E15DACE39007027CC /* Moog.h */,
				09DE541F15DACE39007027CC /* Mutex.h */,
				09DE542015DACE39007027CC /* Noise.h */,
				09DE542115DACE39007027CC /* NRev.h */,
				09DE542215DACE39007027CC /* OnePole.h */,
				09DE542315DACE39007027CC /* OneZero.h */,
				09DE542415DACE39007027CC /* PercFlut.h */,
				09DE542515DACE39007027CC /* Phonemes.h */,
				09DE542615DACE39007027CC /* PitShift.h */,
				09DE542715DACE39007027CC /* Plucked.h */,
				09DE542815DACE39007027CC /* PoleZero.h */,
				09DE542915DACE39007027CC /* PRCRev.h */,
				09DE542A15DACE39007027CC /* ReedTable.h */,
				09DE542B15DACE39007027CC /* Resonate.h */,
				09DE542C15DACE39007027CC /* Rhodey.h */,
				09DE542D15DACE39007027CC /* RtAudio.h */,
				09DE542E15DACE39007027CC /* RtError.h */,
				09DE542F15DACE39007027CC /* RtMidi.h */,
				09DE543015DACE39007027CC /* RtWvIn.h */,
				09DE543115DACE39007027CC /* RtWvOut.h */,
				09DE543215DACE39007027CC /* Sampler.h */,
				09DE543315DACE39007027CC /* Saxofony.h */,
				09DE543415DACE39007027CC /* Shakers.h */,
				09DE543515DACE39007027CC /* Simple.h */,
				09DE543615DACE39007027CC /* SineWave.h */,
				09DE543715DACE39007027CC /* SingWave.h */,
				09DE543815DACE39007027CC /* Sitar.h */,
				09DE543915DACE39007027CC /* Skini.h */,
				09DE543A15DACE39007027CC /* SKINI.msg */,
				09DE543B15DACE39007027CC /* SKINI.tbl */,
				09DE543C15DACE39007027CC /* Socket.h */,
				09DE543D15DACE39007027CC /* Sphere.h */,
				09DE543E15DACE39007027CC /* StifKarp.h */,
				09DE543F15DACE39007027CC /* Stk.h */,
				09DE544015DACE39007027CC /* TapDelay.h */,
				09DE544115DACE39007027CC /* TcpClient.h */,
				09DE544215DACE39007027CC /* TcpServer.h */,
				09DE544315DACE39007027CC /* Thread.h */,
				09DE544415DACE39007027CC /* TubeBell.h */,
				09DE544515DACE39007027CC /* Twang.h */,
				09DE544615DACE39007027CC /* TwoPole.h */,
				09DE544715DACE39007027CC /* TwoZero.h */,
				09DE544815DACE39007027CC /* UdpSocket.h */,
				09DE544915DACE39007027CC /* Vector3D.h */,
				09DE544A15DACE39007027CC /* Voicer.h */,
				09DE544B15DACE39007027CC /* VoicForm.h */,
				09DE544C15DACE39007027CC /* Whistle.h */,
				09DE544D15DACE39007027CC /* Wurley.h */,
				09DE544E15DACE39007027CC /* WvIn.h */,
				09DE544F15DACE39007027CC /* WvOut.h */,
			);
			path = include;
			sourceTree = "<group>";
		};
		09DE545015DACE39007027CC /* lib */ = {
			isa = PBXGroup;
			children = (
				09DE545115DACE39007027CC /* libstk.a */,
			);
			path = lib;
			sourceTree = "<group>";
		};
/* End PBXGroup section */

/* Begin PBXNativeTarget section */
		09DE53B315DACDD0007027CC /* Wavy */ = {
			isa = PBXNativeTarget;
			buildConfigurationList = 09DE53D515DACDD0007027CC /* Build configuration list for PBXNativeTarget "Wavy" */;
			buildPhases = (
				09DE53B015DACDD0007027CC /* Sources */,
				09DE53B115DACDD0007027CC /* Frameworks */,
				09DE53B215DACDD0007027CC /* Resources */,
			);
			buildRules = (
			);
			dependencies = (
			);
			name = Wavy;
			productName = Wavy;
			productReference = 09DE53B415DACDD0007027CC /* Wavy.app */;
			productType = "com.apple.product-type.application";
		};
/* End PBXNativeTarget section */

/* Begin PBXProject section */
		09DE53AB15DACDD0007027CC /* Project object */ = {
			isa = PBXProject;
			attributes = {
				LastUpgradeCheck = 0440;
				ORGANIZATIONNAME = "Spencer Salazar";
			};
			buildConfigurationList = 09DE53AE15DACDD0007027CC /* Build configuration list for PBXProject "Wavy" */;
			compatibilityVersion = "Xcode 3.2";
			developmentRegion = English;
			hasScannedForEncodings = 0;
			knownRegions = (
				en,
			);
			mainGroup = 09DE53A915DACDD0007027CC;
			productRefGroup = 09DE53B515DACDD0007027CC /* Products */;
			projectDirPath = "";
			projectRoot = "";
			targets = (
				09DE53B315DACDD0007027CC /* Wavy */,
			);
		};
/* End PBXProject section */

/* Begin PBXResourcesBuildPhase section */
		09DE53B215DACDD0007027CC /* Resources */ = {
			isa = PBXResourcesBuildPhase;
			buildActionMask = 2147483647;
			files = (
				09DE53C315DACDD0007027CC /* InfoPlist.strings in Resources */,
				09DE53CF15DACDD0007027CC /* ViewController_iPhone.xib in Resources */,
				09DE53D215DACDD0007027CC /* ViewController_iPad.xib in Resources */,
				09DE545215DACE39007027CC /* SKINI.msg in Resources */,
				09DE545315DACE39007027CC /* SKINI.tbl in Resources */,
				09DE545915DAD0EC007027CC /* rabbit.jpeg in Resources */,
				09DE545D15DAD25B007027CC /* cat.jpeg in Resources */,
			);
			runOnlyForDeploymentPostprocessing = 0;
		};
/* End PBXResourcesBuildPhase section */

/* Begin PBXSourcesBuildPhase section */
		09DE53B015DACDD0007027CC /* Sources */ = {
			isa = PBXSourcesBuildPhase;
			buildActionMask = 2147483647;
			files = (
				09DE53C515DACDD0007027CC /* main.m in Sources */,
				09DE53C915DACDD0007027CC /* AppDelegate.m in Sources */,
				09DE53CC15DACDD0007027CC /* ViewController.mm in Sources */,
				09DE53DB15DACDE2007027CC /* mo_audio.mm in Sources */,
				09DE53E215DACE20007027CC /* Audio.mm in Sources */,
			);
			runOnlyForDeploymentPostprocessing = 0;
		};
/* End PBXSourcesBuildPhase section */

/* Begin PBXVariantGroup section */
		09DE53C115DACDD0007027CC /* InfoPlist.strings */ = {
			isa = PBXVariantGroup;
			children = (
				09DE53C215DACDD0007027CC /* en */,
			);
			name = InfoPlist.strings;
			sourceTree = "<group>";
		};
		09DE53CD15DACDD0007027CC /* ViewController_iPhone.xib */ = {
			isa = PBXVariantGroup;
			children = (
				09DE53CE15DACDD0007027CC /* en */,
			);
			name = ViewController_iPhone.xib;
			sourceTree = "<group>";
		};
		09DE53D015DACDD0007027CC /* ViewController_iPad.xib */ = {
			isa = PBXVariantGroup;
			children = (
				09DE53D115DACDD0007027CC /* en */,
			);
			name = ViewController_iPad.xib;
			sourceTree = "<group>";
		};
/* End PBXVariantGroup section */

/* Begin XCBuildConfiguration section */
		09DE53D315DACDD0007027CC /* Debug */ = {
			isa = XCBuildConfiguration;
			buildSettings = {
				ALWAYS_SEARCH_USER_PATHS = NO;
				ARCHS = "$(ARCHS_STANDARD_32_BIT)";
				CLANG_CXX_LANGUAGE_STANDARD = "gnu++0x";
				CLANG_ENABLE_OBJC_ARC = YES;
				CLANG_WARN__DUPLICATE_METHOD_MATCH = YES;
				"CODE_SIGN_IDENTITY[sdk=iphoneos*]" = "iPhone Developer";
				COPY_PHASE_STRIP = NO;
				GCC_C_LANGUAGE_STANDARD = gnu99;
				GCC_DYNAMIC_NO_PIC = NO;
				GCC_OPTIMIZATION_LEVEL = 0;
				GCC_PREPROCESSOR_DEFINITIONS = (
					"DEBUG=1",
					"$(inherited)",
				);
				GCC_SYMBOLS_PRIVATE_EXTERN = NO;
				GCC_VERSION = com.apple.compilers.llvm.clang.1_0;
				GCC_WARN_ABOUT_RETURN_TYPE = YES;
				GCC_WARN_UNINITIALIZED_AUTOS = YES;
				GCC_WARN_UNUSED_VARIABLE = YES;
				IPHONEOS_DEPLOYMENT_TARGET = 5.1;
				SDKROOT = iphoneos;
				TARGETED_DEVICE_FAMILY = "1,2";
			};
			name = Debug;
		};
		09DE53D415DACDD0007027CC /* Release */ = {
			isa = XCBuildConfiguration;
			buildSettings = {
				ALWAYS_SEARCH_USER_PATHS = NO;
				ARCHS = "$(ARCHS_STANDARD_32_BIT)";
				CLANG_CXX_LANGUAGE_STANDARD = "gnu++0x";
				CLANG_ENABLE_OBJC_ARC = YES;
				CLANG_WARN__DUPLICATE_METHOD_MATCH = YES;
				"CODE_SIGN_IDENTITY[sdk=iphoneos*]" = "iPhone Developer";
				COPY_PHASE_STRIP = YES;
				GCC_C_LANGUAGE_STANDARD = gnu99;
				GCC_VERSION = com.apple.compilers.llvm.clang.1_0;
				GCC_WARN_ABOUT_RETURN_TYPE = YES;
				GCC_WARN_UNINITIALIZED_AUTOS = YES;
				GCC_WARN_UNUSED_VARIABLE = YES;
				IPHONEOS_DEPLOYMENT_TARGET = 5.1;
				OTHER_CFLAGS = "-DNS_BLOCK_ASSERTIONS=1";
				SDKROOT = iphoneos;
				TARGETED_DEVICE_FAMILY = "1,2";
				VALIDATE_PRODUCT = YES;
			};
			name = Release;
		};
		09DE53D615DACDD0007027CC /* Debug */ = {
			isa = XCBuildConfiguration;
			buildSettings = {
				GCC_PRECOMPILE_PREFIX_HEADER = YES;
				GCC_PREFIX_HEADER = "Wavy/Wavy-Prefix.pch";
				INFOPLIST_FILE = "Wavy/Wavy-Info.plist";
				LIBRARY_SEARCH_PATHS = (
					"$(inherited)",
					"\"$(SRCROOT)/stk/lib\"",
				);
				PRODUCT_NAME = "$(TARGET_NAME)";
				WRAPPER_EXTENSION = app;
			};
			name = Debug;
		};
		09DE53D715DACDD0007027CC /* Release */ = {
			isa = XCBuildConfiguration;
			buildSettings = {
				GCC_PRECOMPILE_PREFIX_HEADER = YES;
				GCC_PREFIX_HEADER = "Wavy/Wavy-Prefix.pch";
				INFOPLIST_FILE = "Wavy/Wavy-Info.plist";
				LIBRARY_SEARCH_PATHS = (
					"$(inherited)",
					"\"$(SRCROOT)/stk/lib\"",
				);
				PRODUCT_NAME = "$(TARGET_NAME)";
				WRAPPER_EXTENSION = app;
			};
			name = Release;
		};
/* End XCBuildConfiguration section */

/* Begin XCConfigurationList section */
		09DE53AE15DACDD0007027CC /* Build configuration list for PBXProject "Wavy" */ = {
			isa = XCConfigurationList;
			buildConfigurations = (
				09DE53D315DACDD0007027CC /* Debug */,
				09DE53D415DACDD0007027CC /* Release */,
			);
			defaultConfigurationIsVisible = 0;
			defaultConfigurationName = Release;
		};
		09DE53D515DACDD0007027CC /* Build configuration list for PBXNativeTarget "Wavy" */ = {
			isa = XCConfigurationList;
			buildConfigurations = (
				09DE53D615DACDD0007027CC /* Debug */,
				09DE53D715DACDD0007027CC /* Release */,
			);
			defaultConfigurationIsVisible = 0;
			defaultConfigurationName = Release;
		};
/* End XCConfigurationList section */
	};
	rootObject = 09DE53AB15DACDD0007027CC /* Project object */;
}
